// !$*UTF8*$!
{
	archiveVersion = 1;
	classes = {
	};
	objectVersion = 46;
	objects = {

/* Begin PBXBuildFile section */
		1AC6FB21180E996B004C840B /* libcocos2d Mac.a in Frameworks */ = {isa = PBXBuildFile; fileRef = 1AC6FAF9180E9839004C840B /* libcocos2d Mac.a */; };
		1AC6FB30180E99EB004C840B /* libcocos2d iOS.a in Frameworks */ = {isa = PBXBuildFile; fileRef = 1AC6FB07180E9839004C840B /* libcocos2d iOS.a */; };
		1D60589F0D05DD5A006BFB54 /* Foundation.framework in Frameworks */ = {isa = PBXBuildFile; fileRef = 1D30AB110D05D00D00671497 /* Foundation.framework */; };
		1DF5F4E00D08C38300B7A737 /* UIKit.framework in Frameworks */ = {isa = PBXBuildFile; fileRef = 1DF5F4DF0D08C38300B7A737 /* UIKit.framework */; };
		288765A50DF7441C002DB57D /* CoreGraphics.framework in Frameworks */ = {isa = PBXBuildFile; fileRef = 288765A40DF7441C002DB57D /* CoreGraphics.framework */; };
		46880B8819C43A87006E1F66 /* AppDelegate.cpp in Sources */ = {isa = PBXBuildFile; fileRef = 46880B8419C43A87006E1F66 /* AppDelegate.cpp */; };
		46880B8919C43A87006E1F66 /* AppDelegate.cpp in Sources */ = {isa = PBXBuildFile; fileRef = 46880B8419C43A87006E1F66 /* AppDelegate.cpp */; };
		46880B8A19C43A87006E1F66 /* WelcomeScene.cpp in Sources */ = {isa = PBXBuildFile; fileRef = 46880B8619C43A87006E1F66 /* WelcomeScene.cpp */; };
		46880B8B19C43A87006E1F66 /* WelcomeScene.cpp in Sources */ = {isa = PBXBuildFile; fileRef = 46880B8619C43A87006E1F66 /* WelcomeScene.cpp */; };
		503AE0F817EB97AB00D1A890 /* Icon.icns in Resources */ = {isa = PBXBuildFile; fileRef = 503AE0F617EB97AB00D1A890 /* Icon.icns */; };
		503AE10017EB989F00D1A890 /* AppController.mm in Sources */ = {isa = PBXBuildFile; fileRef = 503AE0FB17EB989F00D1A890 /* AppController.mm */; };
		503AE10117EB989F00D1A890 /* main.m in Sources */ = {isa = PBXBuildFile; fileRef = 503AE0FC17EB989F00D1A890 /* main.m */; };
		503AE10217EB989F00D1A890 /* RootViewController.mm in Sources */ = {isa = PBXBuildFile; fileRef = 503AE0FF17EB989F00D1A890 /* RootViewController.mm */; };
		503AE10517EB98FF00D1A890 /* main.cpp in Sources */ = {isa = PBXBuildFile; fileRef = 503AE10317EB98FF00D1A890 /* main.cpp */; };
		503AE11217EB99EE00D1A890 /* libcurl.dylib in Frameworks */ = {isa = PBXBuildFile; fileRef = 503AE11117EB99EE00D1A890 /* libcurl.dylib */; };
		503AE11B17EB9C5A00D1A890 /* IOKit.framework in Frameworks */ = {isa = PBXBuildFile; fileRef = 503AE11A17EB9C5A00D1A890 /* IOKit.framework */; };
		5087E76317EB910900C73F5D /* Foundation.framework in Frameworks */ = {isa = PBXBuildFile; fileRef = 1D30AB110D05D00D00671497 /* Foundation.framework */; };
		5087E76717EB910900C73F5D /* libz.dylib in Frameworks */ = {isa = PBXBuildFile; fileRef = BF170DB412928DE900B8313A /* libz.dylib */; };
		5087E76817EB910900C73F5D /* QuartzCore.framework in Frameworks */ = {isa = PBXBuildFile; fileRef = BF1C47EA1293683800B63C5D /* QuartzCore.framework */; };
		5087E76917EB910900C73F5D /* OpenAL.framework in Frameworks */ = {isa = PBXBuildFile; fileRef = D44C620B132DFF330009C878 /* OpenAL.framework */; };
		5087E76A17EB910900C73F5D /* AVFoundation.framework in Frameworks */ = {isa = PBXBuildFile; fileRef = D44C620D132DFF430009C878 /* AVFoundation.framework */; };
		5087E76B17EB910900C73F5D /* AudioToolbox.framework in Frameworks */ = {isa = PBXBuildFile; fileRef = D44C620F132DFF4E0009C878 /* AudioToolbox.framework */; };
		5087E77D17EB970100C73F5D /* Default-568h@2x.png in Resources */ = {isa = PBXBuildFile; fileRef = 5087E77217EB970100C73F5D /* Default-568h@2x.png */; };
		5087E77E17EB970100C73F5D /* Default.png in Resources */ = {isa = PBXBuildFile; fileRef = 5087E77317EB970100C73F5D /* Default.png */; };
		5087E77F17EB970100C73F5D /* Default@2x.png in Resources */ = {isa = PBXBuildFile; fileRef = 5087E77417EB970100C73F5D /* Default@2x.png */; };
		5087E78017EB970100C73F5D /* Icon-114.png in Resources */ = {isa = PBXBuildFile; fileRef = 5087E77517EB970100C73F5D /* Icon-114.png */; };
		5087E78117EB970100C73F5D /* Icon-120.png in Resources */ = {isa = PBXBuildFile; fileRef = 5087E77617EB970100C73F5D /* Icon-120.png */; };
		5087E78217EB970100C73F5D /* Icon-144.png in Resources */ = {isa = PBXBuildFile; fileRef = 5087E77717EB970100C73F5D /* Icon-144.png */; };
		5087E78317EB970100C73F5D /* Icon-152.png in Resources */ = {isa = PBXBuildFile; fileRef = 5087E77817EB970100C73F5D /* Icon-152.png */; };
		5087E78417EB970100C73F5D /* Icon-57.png in Resources */ = {isa = PBXBuildFile; fileRef = 5087E77917EB970100C73F5D /* Icon-57.png */; };
		5087E78517EB970100C73F5D /* Icon-72.png in Resources */ = {isa = PBXBuildFile; fileRef = 5087E77A17EB970100C73F5D /* Icon-72.png */; };
		5087E78617EB970100C73F5D /* Icon-76.png in Resources */ = {isa = PBXBuildFile; fileRef = 5087E77B17EB970100C73F5D /* Icon-76.png */; };
		5087E78917EB974C00C73F5D /* AppKit.framework in Frameworks */ = {isa = PBXBuildFile; fileRef = 5087E78817EB974C00C73F5D /* AppKit.framework */; };
		5087E78B17EB975400C73F5D /* OpenGL.framework in Frameworks */ = {isa = PBXBuildFile; fileRef = 5087E78A17EB975400C73F5D /* OpenGL.framework */; };
		50EF629617ECD46A001EB2F8 /* Icon-40.png in Resources */ = {isa = PBXBuildFile; fileRef = 50EF629217ECD46A001EB2F8 /* Icon-40.png */; };
		50EF629717ECD46A001EB2F8 /* Icon-58.png in Resources */ = {isa = PBXBuildFile; fileRef = 50EF629317ECD46A001EB2F8 /* Icon-58.png */; };
		50EF629817ECD46A001EB2F8 /* Icon-80.png in Resources */ = {isa = PBXBuildFile; fileRef = 50EF629417ECD46A001EB2F8 /* Icon-80.png */; };
		50EF629917ECD46A001EB2F8 /* Icon-100.png in Resources */ = {isa = PBXBuildFile; fileRef = 50EF629517ECD46A001EB2F8 /* Icon-100.png */; };
		50EF62A217ECD613001EB2F8 /* Icon-29.png in Resources */ = {isa = PBXBuildFile; fileRef = 50EF62A017ECD613001EB2F8 /* Icon-29.png */; };
		50EF62A317ECD613001EB2F8 /* Icon-50.png in Resources */ = {isa = PBXBuildFile; fileRef = 50EF62A117ECD613001EB2F8 /* Icon-50.png */; };
		BF171245129291EC00B8313A /* OpenGLES.framework in Frameworks */ = {isa = PBXBuildFile; fileRef = BF170DB012928DE900B8313A /* OpenGLES.framework */; };
		BF1712471292920000B8313A /* libz.dylib in Frameworks */ = {isa = PBXBuildFile; fileRef = BF170DB412928DE900B8313A /* libz.dylib */; };
		BF1C47F01293687400B63C5D /* QuartzCore.framework in Frameworks */ = {isa = PBXBuildFile; fileRef = BF1C47EA1293683800B63C5D /* QuartzCore.framework */; };
		D44C620C132DFF330009C878 /* OpenAL.framework in Frameworks */ = {isa = PBXBuildFile; fileRef = D44C620B132DFF330009C878 /* OpenAL.framework */; };
		D44C620E132DFF430009C878 /* AVFoundation.framework in Frameworks */ = {isa = PBXBuildFile; fileRef = D44C620D132DFF430009C878 /* AVFoundation.framework */; };
		D44C6210132DFF4E0009C878 /* AudioToolbox.framework in Frameworks */ = {isa = PBXBuildFile; fileRef = D44C620F132DFF4E0009C878 /* AudioToolbox.framework */; };
		D6B0611B1803AB670077942B /* CoreMotion.framework in Frameworks */ = {isa = PBXBuildFile; fileRef = D6B0611A1803AB670077942B /* CoreMotion.framework */; };
		FF34067C19E7B61E00E34CFA /* GameOverScene.cpp in Sources */ = {isa = PBXBuildFile; fileRef = FF34067A19E7B61E00E34CFA /* GameOverScene.cpp */; };
		FF34067D19E7B61E00E34CFA /* GameOverScene.cpp in Sources */ = {isa = PBXBuildFile; fileRef = FF34067A19E7B61E00E34CFA /* GameOverScene.cpp */; };
		FF34068219E7B96C00E34CFA /* Button_menu_clicked.png in Resources */ = {isa = PBXBuildFile; fileRef = FF34067E19E7B96C00E34CFA /* Button_menu_clicked.png */; };
		FF34068319E7B96C00E34CFA /* Button_menu_clicked.png in Resources */ = {isa = PBXBuildFile; fileRef = FF34067E19E7B96C00E34CFA /* Button_menu_clicked.png */; };
		FF34068419E7B96C00E34CFA /* Button_menu.png in Resources */ = {isa = PBXBuildFile; fileRef = FF34067F19E7B96C00E34CFA /* Button_menu.png */; };
		FF34068519E7B96C00E34CFA /* Button_menu.png in Resources */ = {isa = PBXBuildFile; fileRef = FF34067F19E7B96C00E34CFA /* Button_menu.png */; };
		FF34068619E7B96C00E34CFA /* Button_retry_clicked.png in Resources */ = {isa = PBXBuildFile; fileRef = FF34068019E7B96C00E34CFA /* Button_retry_clicked.png */; };
		FF34068719E7B96C00E34CFA /* Button_retry_clicked.png in Resources */ = {isa = PBXBuildFile; fileRef = FF34068019E7B96C00E34CFA /* Button_retry_clicked.png */; };
		FF34068819E7B96C00E34CFA /* Button_retry.png in Resources */ = {isa = PBXBuildFile; fileRef = FF34068119E7B96C00E34CFA /* Button_retry.png */; };
		FF34068919E7B96C00E34CFA /* Button_retry.png in Resources */ = {isa = PBXBuildFile; fileRef = FF34068119E7B96C00E34CFA /* Button_retry.png */; };
		FF441B5C19EB9A48009CDA18 /* up_spike_2.png in Resources */ = {isa = PBXBuildFile; fileRef = FF441B5B19EB9A48009CDA18 /* up_spike_2.png */; };
		FF441B5D19EB9A48009CDA18 /* up_spike_2.png in Resources */ = {isa = PBXBuildFile; fileRef = FF441B5B19EB9A48009CDA18 /* up_spike_2.png */; };
		FF441B6019EB9C6A009CDA18 /* FireBall.cpp in Sources */ = {isa = PBXBuildFile; fileRef = FF441B5E19EB9C6A009CDA18 /* FireBall.cpp */; };
		FF441B6119EB9C6A009CDA18 /* FireBall.cpp in Sources */ = {isa = PBXBuildFile; fileRef = FF441B5E19EB9C6A009CDA18 /* FireBall.cpp */; };
		FF441B6319EB9FBC009CDA18 /* FireBall.png in Resources */ = {isa = PBXBuildFile; fileRef = FF441B6219EB9FBC009CDA18 /* FireBall.png */; };
		FF441B6419EB9FBC009CDA18 /* FireBall.png in Resources */ = {isa = PBXBuildFile; fileRef = FF441B6219EB9FBC009CDA18 /* FireBall.png */; };
		FF441B6719EBA59F009CDA18 /* FireBall_2.png in Resources */ = {isa = PBXBuildFile; fileRef = FF441B6519EBA59F009CDA18 /* FireBall_2.png */; };
		FF441B6819EBA59F009CDA18 /* FireBall_2.png in Resources */ = {isa = PBXBuildFile; fileRef = FF441B6519EBA59F009CDA18 /* FireBall_2.png */; };
		FF441B6919EBA59F009CDA18 /* FireBall_3.png in Resources */ = {isa = PBXBuildFile; fileRef = FF441B6619EBA59F009CDA18 /* FireBall_3.png */; };
		FF441B6A19EBA59F009CDA18 /* FireBall_3.png in Resources */ = {isa = PBXBuildFile; fileRef = FF441B6619EBA59F009CDA18 /* FireBall_3.png */; };
		FF441B6C19EBA9C9009CDA18 /* FireBall_Coming.mp3 in Resources */ = {isa = PBXBuildFile; fileRef = FF441B6B19EBA9C9009CDA18 /* FireBall_Coming.mp3 */; };
		FF441B6D19EBA9C9009CDA18 /* FireBall_Coming.mp3 in Resources */ = {isa = PBXBuildFile; fileRef = FF441B6B19EBA9C9009CDA18 /* FireBall_Coming.mp3 */; };
		FF441B6F19EBADF4009CDA18 /* Trix_Fire.png in Resources */ = {isa = PBXBuildFile; fileRef = FF441B6E19EBADF4009CDA18 /* Trix_Fire.png */; };
		FF441B7019EBADF4009CDA18 /* Trix_Fire.png in Resources */ = {isa = PBXBuildFile; fileRef = FF441B6E19EBADF4009CDA18 /* Trix_Fire.png */; };
		FF441B7219EBB2F6009CDA18 /* Explosion.png in Resources */ = {isa = PBXBuildFile; fileRef = FF441B7119EBB2F6009CDA18 /* Explosion.png */; };
		FF441B7319EBB2F6009CDA18 /* Explosion.png in Resources */ = {isa = PBXBuildFile; fileRef = FF441B7119EBB2F6009CDA18 /* Explosion.png */; };
		FF441B7519EBC73E009CDA18 /* Starter_welcome_pic.png in Resources */ = {isa = PBXBuildFile; fileRef = FF441B7419EBC73E009CDA18 /* Starter_welcome_pic.png */; };
		FF441B7619EBC73E009CDA18 /* Starter_welcome_pic.png in Resources */ = {isa = PBXBuildFile; fileRef = FF441B7419EBC73E009CDA18 /* Starter_welcome_pic.png */; };
		FF47408219E6588F000617EF /* brick_normal.png in Resources */ = {isa = PBXBuildFile; fileRef = FF47408119E6588F000617EF /* brick_normal.png */; };
		FF47408319E6588F000617EF /* brick_normal.png in Resources */ = {isa = PBXBuildFile; fileRef = FF47408119E6588F000617EF /* brick_normal.png */; };
		FF47408619E658CD000617EF /* Brick.cpp in Sources */ = {isa = PBXBuildFile; fileRef = FF47408419E658CD000617EF /* Brick.cpp */; };
		FF47408719E658CD000617EF /* Brick.cpp in Sources */ = {isa = PBXBuildFile; fileRef = FF47408419E658CD000617EF /* Brick.cpp */; };
		FF66B08619F34F8C003EF08D /* iAd.framework in Frameworks */ = {isa = PBXBuildFile; fileRef = FF66B08519F34F8C003EF08D /* iAd.framework */; };
		FF7F640019E100450095DFEE /* MainMenuScene.cpp in Sources */ = {isa = PBXBuildFile; fileRef = FF7F63FF19E100450095DFEE /* MainMenuScene.cpp */; };
		FF7F640119E100450095DFEE /* MainMenuScene.cpp in Sources */ = {isa = PBXBuildFile; fileRef = FF7F63FF19E100450095DFEE /* MainMenuScene.cpp */; };
		FF7F640A19E108540095DFEE /* GameScene.cpp in Sources */ = {isa = PBXBuildFile; fileRef = FF7F640819E108540095DFEE /* GameScene.cpp */; };
		FF7F640B19E108540095DFEE /* GameScene.cpp in Sources */ = {isa = PBXBuildFile; fileRef = FF7F640819E108540095DFEE /* GameScene.cpp */; };
		FF7F642619E112100095DFEE /* BlankBG.png in Resources */ = {isa = PBXBuildFile; fileRef = FF7F641E19E112100095DFEE /* BlankBG.png */; };
		FF7F642719E112100095DFEE /* BlankBG.png in Resources */ = {isa = PBXBuildFile; fileRef = FF7F641E19E112100095DFEE /* BlankBG.png */; };
		FF7F642819E112100095DFEE /* clickButton.mp3 in Resources */ = {isa = PBXBuildFile; fileRef = FF7F641F19E112100095DFEE /* clickButton.mp3 */; };
		FF7F642919E112100095DFEE /* clickButton.mp3 in Resources */ = {isa = PBXBuildFile; fileRef = FF7F641F19E112100095DFEE /* clickButton.mp3 */; };
		FF7F642A19E112100095DFEE /* GBGM.mp3 in Resources */ = {isa = PBXBuildFile; fileRef = FF7F642019E112100095DFEE /* GBGM.mp3 */; };
		FF7F642B19E112100095DFEE /* GBGM.mp3 in Resources */ = {isa = PBXBuildFile; fileRef = FF7F642019E112100095DFEE /* GBGM.mp3 */; };
		FF7F642C19E112100095DFEE /* MainMenu.png in Resources */ = {isa = PBXBuildFile; fileRef = FF7F642119E112100095DFEE /* MainMenu.png */; };
		FF7F642D19E112100095DFEE /* MainMenu.png in Resources */ = {isa = PBXBuildFile; fileRef = FF7F642119E112100095DFEE /* MainMenu.png */; };
		FF7F642E19E112100095DFEE /* MainMenuBGM.mp3 in Resources */ = {isa = PBXBuildFile; fileRef = FF7F642219E112100095DFEE /* MainMenuBGM.mp3 */; };
		FF7F642F19E112100095DFEE /* MainMenuBGM.mp3 in Resources */ = {isa = PBXBuildFile; fileRef = FF7F642219E112100095DFEE /* MainMenuBGM.mp3 */; };
		FF7F643419E112100095DFEE /* welcomePic.png in Resources */ = {isa = PBXBuildFile; fileRef = FF7F642519E112100095DFEE /* welcomePic.png */; };
		FF7F643519E112100095DFEE /* welcomePic.png in Resources */ = {isa = PBXBuildFile; fileRef = FF7F642519E112100095DFEE /* welcomePic.png */; };
		FF7F643B19E116B00095DFEE /* Trix.cpp in Sources */ = {isa = PBXBuildFile; fileRef = FF7F643919E116B00095DFEE /* Trix.cpp */; };
		FF7F643C19E116B00095DFEE /* Trix.cpp in Sources */ = {isa = PBXBuildFile; fileRef = FF7F643919E116B00095DFEE /* Trix.cpp */; };
		FF83C31B19EF6EB50094A0B8 /* play_button_clicked.png in Resources */ = {isa = PBXBuildFile; fileRef = FF83C31919EF6EB50094A0B8 /* play_button_clicked.png */; };
		FF83C31C19EF6EB50094A0B8 /* play_button_clicked.png in Resources */ = {isa = PBXBuildFile; fileRef = FF83C31919EF6EB50094A0B8 /* play_button_clicked.png */; };
		FF83C31D19EF6EB50094A0B8 /* play_button.png in Resources */ = {isa = PBXBuildFile; fileRef = FF83C31A19EF6EB50094A0B8 /* play_button.png */; };
		FF83C31E19EF6EB50094A0B8 /* play_button.png in Resources */ = {isa = PBXBuildFile; fileRef = FF83C31A19EF6EB50094A0B8 /* play_button.png */; };
		FF83C32119EF6EC40094A0B8 /* guide_button_clicked.png in Resources */ = {isa = PBXBuildFile; fileRef = FF83C31F19EF6EC40094A0B8 /* guide_button_clicked.png */; };
		FF83C32219EF6EC40094A0B8 /* guide_button_clicked.png in Resources */ = {isa = PBXBuildFile; fileRef = FF83C31F19EF6EC40094A0B8 /* guide_button_clicked.png */; };
		FF83C32319EF6EC40094A0B8 /* guide_button.png in Resources */ = {isa = PBXBuildFile; fileRef = FF83C32019EF6EC40094A0B8 /* guide_button.png */; };
		FF83C32419EF6EC40094A0B8 /* guide_button.png in Resources */ = {isa = PBXBuildFile; fileRef = FF83C32019EF6EC40094A0B8 /* guide_button.png */; };
		FF83C32719EF6EF80094A0B8 /* Guide.cpp in Sources */ = {isa = PBXBuildFile; fileRef = FF83C32519EF6EF80094A0B8 /* Guide.cpp */; };
		FF83C32819EF6EF80094A0B8 /* Guide.cpp in Sources */ = {isa = PBXBuildFile; fileRef = FF83C32519EF6EF80094A0B8 /* Guide.cpp */; };
		FF83C32A19EF788C0094A0B8 /* BoldTowne.otf in Resources */ = {isa = PBXBuildFile; fileRef = FF83C32919EF788C0094A0B8 /* BoldTowne.otf */; };
		FF83C32B19EF788C0094A0B8 /* BoldTowne.otf in Resources */ = {isa = PBXBuildFile; fileRef = FF83C32919EF788C0094A0B8 /* BoldTowne.otf */; };
		FF83C32D19EF7BF10094A0B8 /* Garamondo.otf in Resources */ = {isa = PBXBuildFile; fileRef = FF83C32C19EF7BF10094A0B8 /* Garamondo.otf */; };
		FF83C32E19EF7BF10094A0B8 /* Garamondo.otf in Resources */ = {isa = PBXBuildFile; fileRef = FF83C32C19EF7BF10094A0B8 /* Garamondo.otf */; };
		FF83C33219EF83000094A0B8 /* BrownHat_mid.png in Resources */ = {isa = PBXBuildFile; fileRef = FF83C32F19EF83000094A0B8 /* BrownHat_mid.png */; };
		FF83C33319EF83000094A0B8 /* BrownHat_mid.png in Resources */ = {isa = PBXBuildFile; fileRef = FF83C32F19EF83000094A0B8 /* BrownHat_mid.png */; };
		FF83C33419EF83000094A0B8 /* BrownHat_shine.png in Resources */ = {isa = PBXBuildFile; fileRef = FF83C33019EF83000094A0B8 /* BrownHat_shine.png */; };
		FF83C33519EF83000094A0B8 /* BrownHat_shine.png in Resources */ = {isa = PBXBuildFile; fileRef = FF83C33019EF83000094A0B8 /* BrownHat_shine.png */; };
		FF83C33619EF83000094A0B8 /* BrownHat.png in Resources */ = {isa = PBXBuildFile; fileRef = FF83C33119EF83000094A0B8 /* BrownHat.png */; };
		FF83C33719EF83000094A0B8 /* BrownHat.png in Resources */ = {isa = PBXBuildFile; fileRef = FF83C33119EF83000094A0B8 /* BrownHat.png */; };
		FF83C33919EF83C40094A0B8 /* Empty_ach.png in Resources */ = {isa = PBXBuildFile; fileRef = FF83C33819EF83C40094A0B8 /* Empty_ach.png */; };
		FF83C33A19EF83C40094A0B8 /* Empty_ach.png in Resources */ = {isa = PBXBuildFile; fileRef = FF83C33819EF83C40094A0B8 /* Empty_ach.png */; };
		FF83C33E19EF86BA0094A0B8 /* WhiteHat_mid.png in Resources */ = {isa = PBXBuildFile; fileRef = FF83C33B19EF86BA0094A0B8 /* WhiteHat_mid.png */; };
		FF83C33F19EF86BA0094A0B8 /* WhiteHat_mid.png in Resources */ = {isa = PBXBuildFile; fileRef = FF83C33B19EF86BA0094A0B8 /* WhiteHat_mid.png */; };
		FF83C34019EF86BA0094A0B8 /* WhiteHat_shine.png in Resources */ = {isa = PBXBuildFile; fileRef = FF83C33C19EF86BA0094A0B8 /* WhiteHat_shine.png */; };
		FF83C34119EF86BA0094A0B8 /* WhiteHat_shine.png in Resources */ = {isa = PBXBuildFile; fileRef = FF83C33C19EF86BA0094A0B8 /* WhiteHat_shine.png */; };
		FF83C34219EF86BA0094A0B8 /* WhiteHat.png in Resources */ = {isa = PBXBuildFile; fileRef = FF83C33D19EF86BA0094A0B8 /* WhiteHat.png */; };
		FF83C34319EF86BA0094A0B8 /* WhiteHat.png in Resources */ = {isa = PBXBuildFile; fileRef = FF83C33D19EF86BA0094A0B8 /* WhiteHat.png */; };
		FF83C34719EF889F0094A0B8 /* BlackHat_mid.png in Resources */ = {isa = PBXBuildFile; fileRef = FF83C34419EF889F0094A0B8 /* BlackHat_mid.png */; };
		FF83C34819EF889F0094A0B8 /* BlackHat_mid.png in Resources */ = {isa = PBXBuildFile; fileRef = FF83C34419EF889F0094A0B8 /* BlackHat_mid.png */; };
		FF83C34919EF889F0094A0B8 /* BlackHat_shine.png in Resources */ = {isa = PBXBuildFile; fileRef = FF83C34519EF889F0094A0B8 /* BlackHat_shine.png */; };
		FF83C34A19EF889F0094A0B8 /* BlackHat_shine.png in Resources */ = {isa = PBXBuildFile; fileRef = FF83C34519EF889F0094A0B8 /* BlackHat_shine.png */; };
		FF83C34B19EF889F0094A0B8 /* BlackHat.png in Resources */ = {isa = PBXBuildFile; fileRef = FF83C34619EF889F0094A0B8 /* BlackHat.png */; };
		FF83C34C19EF889F0094A0B8 /* BlackHat.png in Resources */ = {isa = PBXBuildFile; fileRef = FF83C34619EF889F0094A0B8 /* BlackHat.png */; };
		FF83C35019EF8A250094A0B8 /* VioletHat_mid.png in Resources */ = {isa = PBXBuildFile; fileRef = FF83C34D19EF8A250094A0B8 /* VioletHat_mid.png */; };
		FF83C35119EF8A250094A0B8 /* VioletHat_mid.png in Resources */ = {isa = PBXBuildFile; fileRef = FF83C34D19EF8A250094A0B8 /* VioletHat_mid.png */; };
		FF83C35219EF8A250094A0B8 /* VioletHat_shine.png in Resources */ = {isa = PBXBuildFile; fileRef = FF83C34E19EF8A250094A0B8 /* VioletHat_shine.png */; };
		FF83C35319EF8A250094A0B8 /* VioletHat_shine.png in Resources */ = {isa = PBXBuildFile; fileRef = FF83C34E19EF8A250094A0B8 /* VioletHat_shine.png */; };
		FF83C35419EF8A250094A0B8 /* VioletHat.png in Resources */ = {isa = PBXBuildFile; fileRef = FF83C34F19EF8A250094A0B8 /* VioletHat.png */; };
		FF83C35519EF8A250094A0B8 /* VioletHat.png in Resources */ = {isa = PBXBuildFile; fileRef = FF83C34F19EF8A250094A0B8 /* VioletHat.png */; };
		FF83C35A19EF9AA90094A0B8 /* Finneon.otf in Resources */ = {isa = PBXBuildFile; fileRef = FF83C35919EF9AA90094A0B8 /* Finneon.otf */; };
		FF83C35B19EF9AA90094A0B8 /* Finneon.otf in Resources */ = {isa = PBXBuildFile; fileRef = FF83C35919EF9AA90094A0B8 /* Finneon.otf */; };
		FF83C35D19EFA4BB0094A0B8 /* Lucky7.otf in Resources */ = {isa = PBXBuildFile; fileRef = FF83C35C19EFA4BB0094A0B8 /* Lucky7.otf */; };
		FF83C35E19EFA4BB0094A0B8 /* Lucky7.otf in Resources */ = {isa = PBXBuildFile; fileRef = FF83C35C19EFA4BB0094A0B8 /* Lucky7.otf */; };
		FF8A373B19E7BD1800F355B0 /* Marker Felt.ttf in Resources */ = {isa = PBXBuildFile; fileRef = FF8A373A19E7BD1800F355B0 /* Marker Felt.ttf */; };
		FF8A373C19E7BD1800F355B0 /* Marker Felt.ttf in Resources */ = {isa = PBXBuildFile; fileRef = FF8A373A19E7BD1800F355B0 /* Marker Felt.ttf */; };
		FF8EFD1E19F333C1002E7A7C /* libGoogleAdMobAds.a in Frameworks */ = {isa = PBXBuildFile; fileRef = FF8EFD1B19F333C1002E7A7C /* libGoogleAdMobAds.a */; };
		FF8EFD1F19F333C1002E7A7C /* libGoogleAdMobAds.a in Frameworks */ = {isa = PBXBuildFile; fileRef = FF8EFD1B19F333C1002E7A7C /* libGoogleAdMobAds.a */; };
		FF8EFD2119F33450002E7A7C /* AudioToolbox.framework in Frameworks */ = {isa = PBXBuildFile; fileRef = FF8EFD2019F33450002E7A7C /* AudioToolbox.framework */; };
		FF8EFD2319F33469002E7A7C /* MessageUI.framework in Frameworks */ = {isa = PBXBuildFile; fileRef = FF8EFD2219F33469002E7A7C /* MessageUI.framework */; };
		FF8EFD2519F33477002E7A7C /* SystemConfiguration.framework in Frameworks */ = {isa = PBXBuildFile; fileRef = FF8EFD2419F33477002E7A7C /* SystemConfiguration.framework */; };
		FF8EFD2719F33484002E7A7C /* CoreGraphics.framework in Frameworks */ = {isa = PBXBuildFile; fileRef = FF8EFD2619F33484002E7A7C /* CoreGraphics.framework */; };
		FF8EFD2919F335A5002E7A7C /* AdSupport.framework in Frameworks */ = {isa = PBXBuildFile; fileRef = FF8EFD2819F335A5002E7A7C /* AdSupport.framework */; };
		FF8EFD2B19F335AD002E7A7C /* AVFoundation.framework in Frameworks */ = {isa = PBXBuildFile; fileRef = FF8EFD2A19F335AD002E7A7C /* AVFoundation.framework */; };
		FF8EFD2D19F335B9002E7A7C /* StoreKit.framework in Frameworks */ = {isa = PBXBuildFile; fileRef = FF8EFD2C19F335B9002E7A7C /* StoreKit.framework */; };
		FF8EFD2F19F335C9002E7A7C /* CoreTelephony.framework in Frameworks */ = {isa = PBXBuildFile; fileRef = FF8EFD2E19F335C9002E7A7C /* CoreTelephony.framework */; };
		FF8EFD3219F335DB002E7A7C /* EventKit.framework in Frameworks */ = {isa = PBXBuildFile; fileRef = FF8EFD3019F335DB002E7A7C /* EventKit.framework */; };
		FF8EFD3319F335DB002E7A7C /* EventKitUI.framework in Frameworks */ = {isa = PBXBuildFile; fileRef = FF8EFD3119F335DB002E7A7C /* EventKitUI.framework */; };
		FF92C8FD19ECD0B1005BC29E /* DummyBrick.cpp in Sources */ = {isa = PBXBuildFile; fileRef = FF92C8FB19ECD0B1005BC29E /* DummyBrick.cpp */; };
		FF92C8FE19ECD0B1005BC29E /* DummyBrick.cpp in Sources */ = {isa = PBXBuildFile; fileRef = FF92C8FB19ECD0B1005BC29E /* DummyBrick.cpp */; };
		FF92C90F19ECF56A005BC29E /* brick_break.png in Resources */ = {isa = PBXBuildFile; fileRef = FF92C90E19ECF56A005BC29E /* brick_break.png */; };
		FF92C91019ECF56A005BC29E /* brick_break.png in Resources */ = {isa = PBXBuildFile; fileRef = FF92C90E19ECF56A005BC29E /* brick_break.png */; };
		FF92C91219ED0C65005BC29E /* warning.png in Resources */ = {isa = PBXBuildFile; fileRef = FF92C91119ED0C65005BC29E /* warning.png */; };
		FF92C91319ED0C65005BC29E /* warning.png in Resources */ = {isa = PBXBuildFile; fileRef = FF92C91119ED0C65005BC29E /* warning.png */; };
		FF92C91519ED0DD6005BC29E /* warning_2.png in Resources */ = {isa = PBXBuildFile; fileRef = FF92C91419ED0DD6005BC29E /* warning_2.png */; };
		FF92C91619ED0DD6005BC29E /* warning_2.png in Resources */ = {isa = PBXBuildFile; fileRef = FF92C91419ED0DD6005BC29E /* warning_2.png */; };
		FFD4C1BD19E2609000AED849 /* Noc_stand.png in Resources */ = {isa = PBXBuildFile; fileRef = FFD4C1BC19E2609000AED849 /* Noc_stand.png */; };
		FFD4C1C219E265BA00AED849 /* Noc_left.png in Resources */ = {isa = PBXBuildFile; fileRef = FFD4C1BE19E265BA00AED849 /* Noc_left.png */; };
		FFD4C1C319E265BA00AED849 /* Noc_left.png in Resources */ = {isa = PBXBuildFile; fileRef = FFD4C1BE19E265BA00AED849 /* Noc_left.png */; };
		FFD4C1C419E265BA00AED849 /* Noc_leftst.png in Resources */ = {isa = PBXBuildFile; fileRef = FFD4C1BF19E265BA00AED849 /* Noc_leftst.png */; };
		FFD4C1C519E265BA00AED849 /* Noc_leftst.png in Resources */ = {isa = PBXBuildFile; fileRef = FFD4C1BF19E265BA00AED849 /* Noc_leftst.png */; };
		FFD4C1C619E265BA00AED849 /* Noc_right.png in Resources */ = {isa = PBXBuildFile; fileRef = FFD4C1C019E265BA00AED849 /* Noc_right.png */; };
		FFD4C1C719E265BA00AED849 /* Noc_right.png in Resources */ = {isa = PBXBuildFile; fileRef = FFD4C1C019E265BA00AED849 /* Noc_right.png */; };
		FFD4C1C819E265BA00AED849 /* Noc_rightst.png in Resources */ = {isa = PBXBuildFile; fileRef = FFD4C1C119E265BA00AED849 /* Noc_rightst.png */; };
		FFD4C1C919E265BA00AED849 /* Noc_rightst.png in Resources */ = {isa = PBXBuildFile; fileRef = FFD4C1C119E265BA00AED849 /* Noc_rightst.png */; };
		FFEE1A6E19EA62E9000D1021 /* Noc_left_climbing.png in Resources */ = {isa = PBXBuildFile; fileRef = FFEE1A6C19EA62E9000D1021 /* Noc_left_climbing.png */; };
		FFEE1A6F19EA62E9000D1021 /* Noc_left_climbing.png in Resources */ = {isa = PBXBuildFile; fileRef = FFEE1A6C19EA62E9000D1021 /* Noc_left_climbing.png */; };
		FFEE1A7019EA62E9000D1021 /* Noc_right_climbing.png in Resources */ = {isa = PBXBuildFile; fileRef = FFEE1A6D19EA62E9000D1021 /* Noc_right_climbing.png */; };
		FFEE1A7119EA62E9000D1021 /* Noc_right_climbing.png in Resources */ = {isa = PBXBuildFile; fileRef = FFEE1A6D19EA62E9000D1021 /* Noc_right_climbing.png */; };
		FFEE1A7319EA691E000D1021 /* brick_long_normal.png in Resources */ = {isa = PBXBuildFile; fileRef = FFEE1A7219EA691E000D1021 /* brick_long_normal.png */; };
		FFEE1A7419EA691E000D1021 /* brick_long_normal.png in Resources */ = {isa = PBXBuildFile; fileRef = FFEE1A7219EA691E000D1021 /* brick_long_normal.png */; };
		FFEE1A7719EA6B53000D1021 /* brick_shine_1.png in Resources */ = {isa = PBXBuildFile; fileRef = FFEE1A7519EA6B53000D1021 /* brick_shine_1.png */; };
		FFEE1A7819EA6B53000D1021 /* brick_shine_1.png in Resources */ = {isa = PBXBuildFile; fileRef = FFEE1A7519EA6B53000D1021 /* brick_shine_1.png */; };
		FFEE1A7919EA6B53000D1021 /* brick_shine_2.png in Resources */ = {isa = PBXBuildFile; fileRef = FFEE1A7619EA6B53000D1021 /* brick_shine_2.png */; };
		FFEE1A7A19EA6B53000D1021 /* brick_shine_2.png in Resources */ = {isa = PBXBuildFile; fileRef = FFEE1A7619EA6B53000D1021 /* brick_shine_2.png */; };
		FFEE1A7C19EA6F71000D1021 /* brick_start.png in Resources */ = {isa = PBXBuildFile; fileRef = FFEE1A7B19EA6F71000D1021 /* brick_start.png */; };
		FFEE1A7D19EA6F71000D1021 /* brick_start.png in Resources */ = {isa = PBXBuildFile; fileRef = FFEE1A7B19EA6F71000D1021 /* brick_start.png */; };
		FFEE1A7F19EA7231000D1021 /* up_spike.png in Resources */ = {isa = PBXBuildFile; fileRef = FFEE1A7E19EA7231000D1021 /* up_spike.png */; };
		FFEE1A8019EA7231000D1021 /* up_spike.png in Resources */ = {isa = PBXBuildFile; fileRef = FFEE1A7E19EA7231000D1021 /* up_spike.png */; };
		FFEE1A8219EA7498000D1021 /* Coin.mp3 in Resources */ = {isa = PBXBuildFile; fileRef = FFEE1A8119EA7498000D1021 /* Coin.mp3 */; };
		FFEE1A8319EA7498000D1021 /* Coin.mp3 in Resources */ = {isa = PBXBuildFile; fileRef = FFEE1A8119EA7498000D1021 /* Coin.mp3 */; };
		FFEE1A8619EA754B000D1021 /* GameOver.mp3 in Resources */ = {isa = PBXBuildFile; fileRef = FFEE1A8519EA754B000D1021 /* GameOver.mp3 */; };
		FFEE1A8719EA754B000D1021 /* GameOver.mp3 in Resources */ = {isa = PBXBuildFile; fileRef = FFEE1A8519EA754B000D1021 /* GameOver.mp3 */; };
		FFEE1A8919EA77BF000D1021 /* Trix_dead.png in Resources */ = {isa = PBXBuildFile; fileRef = FFEE1A8819EA77BF000D1021 /* Trix_dead.png */; };
		FFEE1A8A19EA77BF000D1021 /* Trix_dead.png in Resources */ = {isa = PBXBuildFile; fileRef = FFEE1A8819EA77BF000D1021 /* Trix_dead.png */; };
		FFFE5B4919F10466005FA4B0 /* Warning.mp3 in Resources */ = {isa = PBXBuildFile; fileRef = FFFE5B4819F10466005FA4B0 /* Warning.mp3 */; };
		FFFE5B4A19F10466005FA4B0 /* Warning.mp3 in Resources */ = {isa = PBXBuildFile; fileRef = FFFE5B4819F10466005FA4B0 /* Warning.mp3 */; };
/* End PBXBuildFile section */

/* Begin PBXContainerItemProxy section */
		1AC6FAF8180E9839004C840B /* PBXContainerItemProxy */ = {
			isa = PBXContainerItemProxy;
			containerPortal = 1AC6FAE5180E9839004C840B /* cocos2d_libs.xcodeproj */;
			proxyType = 2;
			remoteGlobalIDString = 1551A33F158F2AB200E66CFE;
			remoteInfo = "cocos2dx Mac";
		};
		1AC6FB06180E9839004C840B /* PBXContainerItemProxy */ = {
			isa = PBXContainerItemProxy;
			containerPortal = 1AC6FAE5180E9839004C840B /* cocos2d_libs.xcodeproj */;
			proxyType = 2;
			remoteGlobalIDString = A07A4D641783777C0073F6A7;
			remoteInfo = "cocos2dx iOS";
		};
		1AC6FB15180E9959004C840B /* PBXContainerItemProxy */ = {
			isa = PBXContainerItemProxy;
			containerPortal = 1AC6FAE5180E9839004C840B /* cocos2d_libs.xcodeproj */;
			proxyType = 1;
			remoteGlobalIDString = 1551A33E158F2AB200E66CFE;
			remoteInfo = "cocos2dx Mac";
		};
		1AC6FB24180E99E1004C840B /* PBXContainerItemProxy */ = {
			isa = PBXContainerItemProxy;
			containerPortal = 1AC6FAE5180E9839004C840B /* cocos2d_libs.xcodeproj */;
			proxyType = 1;
			remoteGlobalIDString = A07A4C241783777C0073F6A7;
			remoteInfo = "cocos2dx iOS";
		};
/* End PBXContainerItemProxy section */

/* Begin PBXFileReference section */
		1AC6FAE5180E9839004C840B /* cocos2d_libs.xcodeproj */ = {isa = PBXFileReference; lastKnownFileType = "wrapper.pb-project"; name = cocos2d_libs.xcodeproj; path = ../cocos2d/build/cocos2d_libs.xcodeproj; sourceTree = "<group>"; };
		1ACB3243164770DE00914215 /* libcurl.a */ = {isa = PBXFileReference; lastKnownFileType = archive.ar; name = libcurl.a; path = ../../cocos2dx/platform/third_party/ios/libraries/libcurl.a; sourceTree = "<group>"; };
		1D30AB110D05D00D00671497 /* Foundation.framework */ = {isa = PBXFileReference; lastKnownFileType = wrapper.framework; name = Foundation.framework; path = System/Library/Frameworks/Foundation.framework; sourceTree = SDKROOT; };
		1D6058910D05DD3D006BFB54 /* NocDownfall iOS.app */ = {isa = PBXFileReference; explicitFileType = wrapper.application; includeInIndex = 0; path = "NocDownfall iOS.app"; sourceTree = BUILT_PRODUCTS_DIR; };
		1DF5F4DF0D08C38300B7A737 /* UIKit.framework */ = {isa = PBXFileReference; lastKnownFileType = wrapper.framework; name = UIKit.framework; path = System/Library/Frameworks/UIKit.framework; sourceTree = SDKROOT; };
		288765A40DF7441C002DB57D /* CoreGraphics.framework */ = {isa = PBXFileReference; lastKnownFileType = wrapper.framework; name = CoreGraphics.framework; path = System/Library/Frameworks/CoreGraphics.framework; sourceTree = SDKROOT; };
		46880B8419C43A87006E1F66 /* AppDelegate.cpp */ = {isa = PBXFileReference; fileEncoding = 4; lastKnownFileType = sourcecode.cpp.cpp; path = AppDelegate.cpp; sourceTree = "<group>"; };
		46880B8519C43A87006E1F66 /* AppDelegate.h */ = {isa = PBXFileReference; fileEncoding = 4; lastKnownFileType = sourcecode.c.h; path = AppDelegate.h; sourceTree = "<group>"; };
		46880B8619C43A87006E1F66 /* WelcomeScene.cpp */ = {isa = PBXFileReference; fileEncoding = 4; lastKnownFileType = sourcecode.cpp.cpp; path = WelcomeScene.cpp; sourceTree = "<group>"; };
		46880B8719C43A87006E1F66 /* WelcomeScene.h */ = {isa = PBXFileReference; fileEncoding = 4; lastKnownFileType = sourcecode.c.h; path = WelcomeScene.h; sourceTree = "<group>"; };
		503AE0F617EB97AB00D1A890 /* Icon.icns */ = {isa = PBXFileReference; lastKnownFileType = image.icns; path = Icon.icns; sourceTree = "<group>"; };
		503AE0F717EB97AB00D1A890 /* Info.plist */ = {isa = PBXFileReference; fileEncoding = 4; lastKnownFileType = text.plist.xml; path = Info.plist; sourceTree = "<group>"; };
		503AE0FA17EB989F00D1A890 /* AppController.h */ = {isa = PBXFileReference; fileEncoding = 4; lastKnownFileType = sourcecode.c.h; name = AppController.h; path = ios/AppController.h; sourceTree = SOURCE_ROOT; };
		503AE0FB17EB989F00D1A890 /* AppController.mm */ = {isa = PBXFileReference; fileEncoding = 4; lastKnownFileType = sourcecode.cpp.objcpp; name = AppController.mm; path = ios/AppController.mm; sourceTree = SOURCE_ROOT; };
		503AE0FC17EB989F00D1A890 /* main.m */ = {isa = PBXFileReference; fileEncoding = 4; lastKnownFileType = sourcecode.c.objc; name = main.m; path = ios/main.m; sourceTree = SOURCE_ROOT; };
		503AE0FD17EB989F00D1A890 /* Prefix.pch */ = {isa = PBXFileReference; fileEncoding = 4; lastKnownFileType = sourcecode.c.h; name = Prefix.pch; path = ios/Prefix.pch; sourceTree = SOURCE_ROOT; };
		503AE0FE17EB989F00D1A890 /* RootViewController.h */ = {isa = PBXFileReference; fileEncoding = 4; lastKnownFileType = sourcecode.c.h; name = RootViewController.h; path = ios/RootViewController.h; sourceTree = SOURCE_ROOT; };
		503AE0FF17EB989F00D1A890 /* RootViewController.mm */ = {isa = PBXFileReference; fileEncoding = 4; lastKnownFileType = sourcecode.cpp.objcpp; name = RootViewController.mm; path = ios/RootViewController.mm; sourceTree = SOURCE_ROOT; };
		503AE10317EB98FF00D1A890 /* main.cpp */ = {isa = PBXFileReference; fileEncoding = 4; lastKnownFileType = sourcecode.cpp.cpp; name = main.cpp; path = mac/main.cpp; sourceTree = "<group>"; };
		503AE10417EB98FF00D1A890 /* Prefix.pch */ = {isa = PBXFileReference; fileEncoding = 4; lastKnownFileType = sourcecode.c.h; name = Prefix.pch; path = mac/Prefix.pch; sourceTree = "<group>"; };
		503AE11117EB99EE00D1A890 /* libcurl.dylib */ = {isa = PBXFileReference; lastKnownFileType = "compiled.mach-o.dylib"; name = libcurl.dylib; path = usr/lib/libcurl.dylib; sourceTree = SDKROOT; };
		503AE11A17EB9C5A00D1A890 /* IOKit.framework */ = {isa = PBXFileReference; lastKnownFileType = wrapper.framework; name = IOKit.framework; path = System/Library/Frameworks/IOKit.framework; sourceTree = SDKROOT; };
		5087E76F17EB910900C73F5D /* NocDownfall Mac.app */ = {isa = PBXFileReference; explicitFileType = wrapper.application; includeInIndex = 0; path = "NocDownfall Mac.app"; sourceTree = BUILT_PRODUCTS_DIR; };
		5087E77217EB970100C73F5D /* Default-568h@2x.png */ = {isa = PBXFileReference; lastKnownFileType = image.png; path = "Default-568h@2x.png"; sourceTree = "<group>"; };
		5087E77317EB970100C73F5D /* Default.png */ = {isa = PBXFileReference; lastKnownFileType = image.png; path = Default.png; sourceTree = "<group>"; };
		5087E77417EB970100C73F5D /* Default@2x.png */ = {isa = PBXFileReference; lastKnownFileType = image.png; path = "Default@2x.png"; sourceTree = "<group>"; };
		5087E77517EB970100C73F5D /* Icon-114.png */ = {isa = PBXFileReference; lastKnownFileType = image.png; path = "Icon-114.png"; sourceTree = "<group>"; };
		5087E77617EB970100C73F5D /* Icon-120.png */ = {isa = PBXFileReference; lastKnownFileType = image.png; path = "Icon-120.png"; sourceTree = "<group>"; };
		5087E77717EB970100C73F5D /* Icon-144.png */ = {isa = PBXFileReference; lastKnownFileType = image.png; path = "Icon-144.png"; sourceTree = "<group>"; };
		5087E77817EB970100C73F5D /* Icon-152.png */ = {isa = PBXFileReference; lastKnownFileType = image.png; path = "Icon-152.png"; sourceTree = "<group>"; };
		5087E77917EB970100C73F5D /* Icon-57.png */ = {isa = PBXFileReference; lastKnownFileType = image.png; path = "Icon-57.png"; sourceTree = "<group>"; };
		5087E77A17EB970100C73F5D /* Icon-72.png */ = {isa = PBXFileReference; lastKnownFileType = image.png; path = "Icon-72.png"; sourceTree = "<group>"; };
		5087E77B17EB970100C73F5D /* Icon-76.png */ = {isa = PBXFileReference; lastKnownFileType = image.png; path = "Icon-76.png"; sourceTree = "<group>"; };
		5087E77C17EB970100C73F5D /* Info.plist */ = {isa = PBXFileReference; fileEncoding = 4; lastKnownFileType = text.plist.xml; path = Info.plist; sourceTree = "<group>"; };
		5087E78817EB974C00C73F5D /* AppKit.framework */ = {isa = PBXFileReference; lastKnownFileType = wrapper.framework; name = AppKit.framework; path = System/Library/Frameworks/AppKit.framework; sourceTree = SDKROOT; };
		5087E78A17EB975400C73F5D /* OpenGL.framework */ = {isa = PBXFileReference; lastKnownFileType = wrapper.framework; name = OpenGL.framework; path = System/Library/Frameworks/OpenGL.framework; sourceTree = SDKROOT; };
		50EF629217ECD46A001EB2F8 /* Icon-40.png */ = {isa = PBXFileReference; lastKnownFileType = image.png; path = "Icon-40.png"; sourceTree = "<group>"; };
		50EF629317ECD46A001EB2F8 /* Icon-58.png */ = {isa = PBXFileReference; lastKnownFileType = image.png; path = "Icon-58.png"; sourceTree = "<group>"; };
		50EF629417ECD46A001EB2F8 /* Icon-80.png */ = {isa = PBXFileReference; lastKnownFileType = image.png; path = "Icon-80.png"; sourceTree = "<group>"; };
		50EF629517ECD46A001EB2F8 /* Icon-100.png */ = {isa = PBXFileReference; lastKnownFileType = image.png; path = "Icon-100.png"; sourceTree = "<group>"; };
		50EF62A017ECD613001EB2F8 /* Icon-29.png */ = {isa = PBXFileReference; lastKnownFileType = image.png; path = "Icon-29.png"; sourceTree = "<group>"; };
		50EF62A117ECD613001EB2F8 /* Icon-50.png */ = {isa = PBXFileReference; lastKnownFileType = image.png; path = "Icon-50.png"; sourceTree = "<group>"; };
		BF170DB012928DE900B8313A /* OpenGLES.framework */ = {isa = PBXFileReference; lastKnownFileType = wrapper.framework; name = OpenGLES.framework; path = System/Library/Frameworks/OpenGLES.framework; sourceTree = SDKROOT; };
		BF170DB412928DE900B8313A /* libz.dylib */ = {isa = PBXFileReference; lastKnownFileType = "compiled.mach-o.dylib"; name = libz.dylib; path = usr/lib/libz.dylib; sourceTree = SDKROOT; };
		BF1C47EA1293683800B63C5D /* QuartzCore.framework */ = {isa = PBXFileReference; lastKnownFileType = wrapper.framework; name = QuartzCore.framework; path = System/Library/Frameworks/QuartzCore.framework; sourceTree = SDKROOT; };
		D44C620B132DFF330009C878 /* OpenAL.framework */ = {isa = PBXFileReference; lastKnownFileType = wrapper.framework; name = OpenAL.framework; path = System/Library/Frameworks/OpenAL.framework; sourceTree = SDKROOT; };
		D44C620D132DFF430009C878 /* AVFoundation.framework */ = {isa = PBXFileReference; lastKnownFileType = wrapper.framework; name = AVFoundation.framework; path = System/Library/Frameworks/AVFoundation.framework; sourceTree = SDKROOT; };
		D44C620F132DFF4E0009C878 /* AudioToolbox.framework */ = {isa = PBXFileReference; lastKnownFileType = wrapper.framework; name = AudioToolbox.framework; path = System/Library/Frameworks/AudioToolbox.framework; sourceTree = SDKROOT; };
		D6B0611A1803AB670077942B /* CoreMotion.framework */ = {isa = PBXFileReference; lastKnownFileType = wrapper.framework; name = CoreMotion.framework; path = Platforms/iPhoneOS.platform/Developer/SDKs/iPhoneOS7.0.sdk/System/Library/Frameworks/CoreMotion.framework; sourceTree = DEVELOPER_DIR; };
		FF34067A19E7B61E00E34CFA /* GameOverScene.cpp */ = {isa = PBXFileReference; fileEncoding = 4; lastKnownFileType = sourcecode.cpp.cpp; path = GameOverScene.cpp; sourceTree = "<group>"; };
		FF34067B19E7B61E00E34CFA /* GameOverScene.h */ = {isa = PBXFileReference; fileEncoding = 4; lastKnownFileType = sourcecode.c.h; path = GameOverScene.h; sourceTree = "<group>"; };
		FF34067E19E7B96C00E34CFA /* Button_menu_clicked.png */ = {isa = PBXFileReference; lastKnownFileType = image.png; path = Button_menu_clicked.png; sourceTree = "<group>"; };
		FF34067F19E7B96C00E34CFA /* Button_menu.png */ = {isa = PBXFileReference; lastKnownFileType = image.png; path = Button_menu.png; sourceTree = "<group>"; };
		FF34068019E7B96C00E34CFA /* Button_retry_clicked.png */ = {isa = PBXFileReference; lastKnownFileType = image.png; path = Button_retry_clicked.png; sourceTree = "<group>"; };
		FF34068119E7B96C00E34CFA /* Button_retry.png */ = {isa = PBXFileReference; lastKnownFileType = image.png; path = Button_retry.png; sourceTree = "<group>"; };
		FF441B5B19EB9A48009CDA18 /* up_spike_2.png */ = {isa = PBXFileReference; lastKnownFileType = image.png; path = up_spike_2.png; sourceTree = "<group>"; };
		FF441B5E19EB9C6A009CDA18 /* FireBall.cpp */ = {isa = PBXFileReference; fileEncoding = 4; lastKnownFileType = sourcecode.cpp.cpp; path = FireBall.cpp; sourceTree = "<group>"; };
		FF441B5F19EB9C6A009CDA18 /* FireBall.h */ = {isa = PBXFileReference; fileEncoding = 4; lastKnownFileType = sourcecode.c.h; path = FireBall.h; sourceTree = "<group>"; };
		FF441B6219EB9FBC009CDA18 /* FireBall.png */ = {isa = PBXFileReference; lastKnownFileType = image.png; path = FireBall.png; sourceTree = "<group>"; };
		FF441B6519EBA59F009CDA18 /* FireBall_2.png */ = {isa = PBXFileReference; lastKnownFileType = image.png; path = FireBall_2.png; sourceTree = "<group>"; };
		FF441B6619EBA59F009CDA18 /* FireBall_3.png */ = {isa = PBXFileReference; lastKnownFileType = image.png; path = FireBall_3.png; sourceTree = "<group>"; };
		FF441B6B19EBA9C9009CDA18 /* FireBall_Coming.mp3 */ = {isa = PBXFileReference; lastKnownFileType = audio.mp3; path = FireBall_Coming.mp3; sourceTree = "<group>"; };
		FF441B6E19EBADF4009CDA18 /* Trix_Fire.png */ = {isa = PBXFileReference; lastKnownFileType = image.png; path = Trix_Fire.png; sourceTree = "<group>"; };
		FF441B7119EBB2F6009CDA18 /* Explosion.png */ = {isa = PBXFileReference; lastKnownFileType = image.png; path = Explosion.png; sourceTree = "<group>"; };
		FF441B7419EBC73E009CDA18 /* Starter_welcome_pic.png */ = {isa = PBXFileReference; lastKnownFileType = image.png; path = Starter_welcome_pic.png; sourceTree = "<group>"; };
		FF47408119E6588F000617EF /* brick_normal.png */ = {isa = PBXFileReference; lastKnownFileType = image.png; path = brick_normal.png; sourceTree = "<group>"; };
		FF47408419E658CD000617EF /* Brick.cpp */ = {isa = PBXFileReference; fileEncoding = 4; lastKnownFileType = sourcecode.cpp.cpp; path = Brick.cpp; sourceTree = "<group>"; };
		FF47408519E658CD000617EF /* Brick.h */ = {isa = PBXFileReference; fileEncoding = 4; lastKnownFileType = sourcecode.c.h; path = Brick.h; sourceTree = "<group>"; };
		FF66B08519F34F8C003EF08D /* iAd.framework */ = {isa = PBXFileReference; lastKnownFileType = wrapper.framework; name = iAd.framework; path = Platforms/iPhoneOS.platform/Developer/SDKs/iPhoneOS8.0.sdk/System/Library/Frameworks/iAd.framework; sourceTree = DEVELOPER_DIR; };
		FF7F63FE19E100330095DFEE /* MainMenuScene.h */ = {isa = PBXFileReference; fileEncoding = 4; lastKnownFileType = sourcecode.c.h; path = MainMenuScene.h; sourceTree = "<group>"; };
		FF7F63FF19E100450095DFEE /* MainMenuScene.cpp */ = {isa = PBXFileReference; fileEncoding = 4; lastKnownFileType = sourcecode.cpp.cpp; path = MainMenuScene.cpp; sourceTree = "<group>"; };
		FF7F640819E108540095DFEE /* GameScene.cpp */ = {isa = PBXFileReference; fileEncoding = 4; lastKnownFileType = sourcecode.cpp.cpp; path = GameScene.cpp; sourceTree = "<group>"; };
		FF7F640919E108540095DFEE /* GameScene.h */ = {isa = PBXFileReference; fileEncoding = 4; lastKnownFileType = sourcecode.c.h; path = GameScene.h; sourceTree = "<group>"; };
		FF7F641E19E112100095DFEE /* BlankBG.png */ = {isa = PBXFileReference; lastKnownFileType = image.png; path = BlankBG.png; sourceTree = "<group>"; };
		FF7F641F19E112100095DFEE /* clickButton.mp3 */ = {isa = PBXFileReference; lastKnownFileType = audio.mp3; path = clickButton.mp3; sourceTree = "<group>"; };
		FF7F642019E112100095DFEE /* GBGM.mp3 */ = {isa = PBXFileReference; lastKnownFileType = audio.mp3; path = GBGM.mp3; sourceTree = "<group>"; };
		FF7F642119E112100095DFEE /* MainMenu.png */ = {isa = PBXFileReference; lastKnownFileType = image.png; path = MainMenu.png; sourceTree = "<group>"; };
		FF7F642219E112100095DFEE /* MainMenuBGM.mp3 */ = {isa = PBXFileReference; lastKnownFileType = audio.mp3; path = MainMenuBGM.mp3; sourceTree = "<group>"; };
		FF7F642519E112100095DFEE /* welcomePic.png */ = {isa = PBXFileReference; lastKnownFileType = image.png; path = welcomePic.png; sourceTree = "<group>"; };
		FF7F643919E116B00095DFEE /* Trix.cpp */ = {isa = PBXFileReference; fileEncoding = 4; lastKnownFileType = sourcecode.cpp.cpp; path = Trix.cpp; sourceTree = "<group>"; };
		FF7F643A19E116B00095DFEE /* Trix.h */ = {isa = PBXFileReference; fileEncoding = 4; lastKnownFileType = sourcecode.c.h; path = Trix.h; sourceTree = "<group>"; };
		FF83C31919EF6EB50094A0B8 /* play_button_clicked.png */ = {isa = PBXFileReference; lastKnownFileType = image.png; path = play_button_clicked.png; sourceTree = "<group>"; };
		FF83C31A19EF6EB50094A0B8 /* play_button.png */ = {isa = PBXFileReference; lastKnownFileType = image.png; path = play_button.png; sourceTree = "<group>"; };
		FF83C31F19EF6EC40094A0B8 /* guide_button_clicked.png */ = {isa = PBXFileReference; lastKnownFileType = image.png; path = guide_button_clicked.png; sourceTree = "<group>"; };
		FF83C32019EF6EC40094A0B8 /* guide_button.png */ = {isa = PBXFileReference; lastKnownFileType = image.png; path = guide_button.png; sourceTree = "<group>"; };
		FF83C32519EF6EF80094A0B8 /* Guide.cpp */ = {isa = PBXFileReference; fileEncoding = 4; lastKnownFileType = sourcecode.cpp.cpp; path = Guide.cpp; sourceTree = "<group>"; };
		FF83C32619EF6EF80094A0B8 /* Guide.h */ = {isa = PBXFileReference; fileEncoding = 4; lastKnownFileType = sourcecode.c.h; path = Guide.h; sourceTree = "<group>"; };
		FF83C32919EF788C0094A0B8 /* BoldTowne.otf */ = {isa = PBXFileReference; lastKnownFileType = file; path = BoldTowne.otf; sourceTree = "<group>"; };
		FF83C32C19EF7BF10094A0B8 /* Garamondo.otf */ = {isa = PBXFileReference; lastKnownFileType = file; path = Garamondo.otf; sourceTree = "<group>"; };
		FF83C32F19EF83000094A0B8 /* BrownHat_mid.png */ = {isa = PBXFileReference; lastKnownFileType = image.png; path = BrownHat_mid.png; sourceTree = "<group>"; };
		FF83C33019EF83000094A0B8 /* BrownHat_shine.png */ = {isa = PBXFileReference; lastKnownFileType = image.png; path = BrownHat_shine.png; sourceTree = "<group>"; };
		FF83C33119EF83000094A0B8 /* BrownHat.png */ = {isa = PBXFileReference; lastKnownFileType = image.png; path = BrownHat.png; sourceTree = "<group>"; };
		FF83C33819EF83C40094A0B8 /* Empty_ach.png */ = {isa = PBXFileReference; lastKnownFileType = image.png; path = Empty_ach.png; sourceTree = "<group>"; };
		FF83C33B19EF86BA0094A0B8 /* WhiteHat_mid.png */ = {isa = PBXFileReference; lastKnownFileType = image.png; path = WhiteHat_mid.png; sourceTree = "<group>"; };
		FF83C33C19EF86BA0094A0B8 /* WhiteHat_shine.png */ = {isa = PBXFileReference; lastKnownFileType = image.png; path = WhiteHat_shine.png; sourceTree = "<group>"; };
		FF83C33D19EF86BA0094A0B8 /* WhiteHat.png */ = {isa = PBXFileReference; lastKnownFileType = image.png; path = WhiteHat.png; sourceTree = "<group>"; };
		FF83C34419EF889F0094A0B8 /* BlackHat_mid.png */ = {isa = PBXFileReference; lastKnownFileType = image.png; path = BlackHat_mid.png; sourceTree = "<group>"; };
		FF83C34519EF889F0094A0B8 /* BlackHat_shine.png */ = {isa = PBXFileReference; lastKnownFileType = image.png; path = BlackHat_shine.png; sourceTree = "<group>"; };
		FF83C34619EF889F0094A0B8 /* BlackHat.png */ = {isa = PBXFileReference; lastKnownFileType = image.png; path = BlackHat.png; sourceTree = "<group>"; };
		FF83C34D19EF8A250094A0B8 /* VioletHat_mid.png */ = {isa = PBXFileReference; lastKnownFileType = image.png; path = VioletHat_mid.png; sourceTree = "<group>"; };
		FF83C34E19EF8A250094A0B8 /* VioletHat_shine.png */ = {isa = PBXFileReference; lastKnownFileType = image.png; path = VioletHat_shine.png; sourceTree = "<group>"; };
		FF83C34F19EF8A250094A0B8 /* VioletHat.png */ = {isa = PBXFileReference; lastKnownFileType = image.png; path = VioletHat.png; sourceTree = "<group>"; };
		FF83C35919EF9AA90094A0B8 /* Finneon.otf */ = {isa = PBXFileReference; lastKnownFileType = file; path = Finneon.otf; sourceTree = "<group>"; };
		FF83C35C19EFA4BB0094A0B8 /* Lucky7.otf */ = {isa = PBXFileReference; lastKnownFileType = file; path = Lucky7.otf; sourceTree = "<group>"; };
		FF8A373A19E7BD1800F355B0 /* Marker Felt.ttf */ = {isa = PBXFileReference; lastKnownFileType = file; name = "Marker Felt.ttf"; path = "fonts/Marker Felt.ttf"; sourceTree = "<group>"; };
		FF8EFD0F19F333C0002E7A7C /* GADAdMobExtras.h */ = {isa = PBXFileReference; fileEncoding = 4; lastKnownFileType = sourcecode.c.h; name = GADAdMobExtras.h; path = "../../../GoogleMobileAdsSdkiOS-6.12.0/GADAdMobExtras.h"; sourceTree = "<group>"; };
		FF8EFD1019F333C0002E7A7C /* GADAdNetworkExtras.h */ = {isa = PBXFileReference; fileEncoding = 4; lastKnownFileType = sourcecode.c.h; name = GADAdNetworkExtras.h; path = "../../../GoogleMobileAdsSdkiOS-6.12.0/GADAdNetworkExtras.h"; sourceTree = "<group>"; };
		FF8EFD1119F333C1002E7A7C /* GADAdSize.h */ = {isa = PBXFileReference; fileEncoding = 4; lastKnownFileType = sourcecode.c.h; name = GADAdSize.h; path = "../../../GoogleMobileAdsSdkiOS-6.12.0/GADAdSize.h"; sourceTree = "<group>"; };
		FF8EFD1219F333C1002E7A7C /* GADBannerView.h */ = {isa = PBXFileReference; fileEncoding = 4; lastKnownFileType = sourcecode.c.h; name = GADBannerView.h; path = "../../../GoogleMobileAdsSdkiOS-6.12.0/GADBannerView.h"; sourceTree = "<group>"; };
		FF8EFD1319F333C1002E7A7C /* GADBannerViewDelegate.h */ = {isa = PBXFileReference; fileEncoding = 4; lastKnownFileType = sourcecode.c.h; name = GADBannerViewDelegate.h; path = "../../../GoogleMobileAdsSdkiOS-6.12.0/GADBannerViewDelegate.h"; sourceTree = "<group>"; };
		FF8EFD1419F333C1002E7A7C /* GADInAppPurchase.h */ = {isa = PBXFileReference; fileEncoding = 4; lastKnownFileType = sourcecode.c.h; name = GADInAppPurchase.h; path = "../../../GoogleMobileAdsSdkiOS-6.12.0/GADInAppPurchase.h"; sourceTree = "<group>"; };
		FF8EFD1519F333C1002E7A7C /* GADInAppPurchaseDelegate.h */ = {isa = PBXFileReference; fileEncoding = 4; lastKnownFileType = sourcecode.c.h; name = GADInAppPurchaseDelegate.h; path = "../../../GoogleMobileAdsSdkiOS-6.12.0/GADInAppPurchaseDelegate.h"; sourceTree = "<group>"; };
		FF8EFD1619F333C1002E7A7C /* GADInterstitial.h */ = {isa = PBXFileReference; fileEncoding = 4; lastKnownFileType = sourcecode.c.h; name = GADInterstitial.h; path = "../../../GoogleMobileAdsSdkiOS-6.12.0/GADInterstitial.h"; sourceTree = "<group>"; };
		FF8EFD1719F333C1002E7A7C /* GADInterstitialDelegate.h */ = {isa = PBXFileReference; fileEncoding = 4; lastKnownFileType = sourcecode.c.h; name = GADInterstitialDelegate.h; path = "../../../GoogleMobileAdsSdkiOS-6.12.0/GADInterstitialDelegate.h"; sourceTree = "<group>"; };
		FF8EFD1819F333C1002E7A7C /* GADModules.h */ = {isa = PBXFileReference; fileEncoding = 4; lastKnownFileType = sourcecode.c.h; name = GADModules.h; path = "../../../GoogleMobileAdsSdkiOS-6.12.0/GADModules.h"; sourceTree = "<group>"; };
		FF8EFD1919F333C1002E7A7C /* GADRequest.h */ = {isa = PBXFileReference; fileEncoding = 4; lastKnownFileType = sourcecode.c.h; name = GADRequest.h; path = "../../../GoogleMobileAdsSdkiOS-6.12.0/GADRequest.h"; sourceTree = "<group>"; };
		FF8EFD1A19F333C1002E7A7C /* GADRequestError.h */ = {isa = PBXFileReference; fileEncoding = 4; lastKnownFileType = sourcecode.c.h; name = GADRequestError.h; path = "../../../GoogleMobileAdsSdkiOS-6.12.0/GADRequestError.h"; sourceTree = "<group>"; };
		FF8EFD1B19F333C1002E7A7C /* libGoogleAdMobAds.a */ = {isa = PBXFileReference; lastKnownFileType = archive.ar; name = libGoogleAdMobAds.a; path = "../../../GoogleMobileAdsSdkiOS-6.12.0/libGoogleAdMobAds.a"; sourceTree = "<group>"; };
		FF8EFD2019F33450002E7A7C /* AudioToolbox.framework */ = {isa = PBXFileReference; lastKnownFileType = wrapper.framework; name = AudioToolbox.framework; path = Platforms/iPhoneOS.platform/Developer/SDKs/iPhoneOS8.0.sdk/System/Library/Frameworks/AudioToolbox.framework; sourceTree = DEVELOPER_DIR; };
		FF8EFD2219F33469002E7A7C /* MessageUI.framework */ = {isa = PBXFileReference; lastKnownFileType = wrapper.framework; name = MessageUI.framework; path = Platforms/iPhoneOS.platform/Developer/SDKs/iPhoneOS8.0.sdk/System/Library/Frameworks/MessageUI.framework; sourceTree = DEVELOPER_DIR; };
		FF8EFD2419F33477002E7A7C /* SystemConfiguration.framework */ = {isa = PBXFileReference; lastKnownFileType = wrapper.framework; name = SystemConfiguration.framework; path = Platforms/iPhoneOS.platform/Developer/SDKs/iPhoneOS8.0.sdk/System/Library/Frameworks/SystemConfiguration.framework; sourceTree = DEVELOPER_DIR; };
		FF8EFD2619F33484002E7A7C /* CoreGraphics.framework */ = {isa = PBXFileReference; lastKnownFileType = wrapper.framework; name = CoreGraphics.framework; path = Platforms/iPhoneOS.platform/Developer/SDKs/iPhoneOS8.0.sdk/System/Library/Frameworks/CoreGraphics.framework; sourceTree = DEVELOPER_DIR; };
		FF8EFD2819F335A5002E7A7C /* AdSupport.framework */ = {isa = PBXFileReference; lastKnownFileType = wrapper.framework; name = AdSupport.framework; path = Platforms/iPhoneOS.platform/Developer/SDKs/iPhoneOS8.0.sdk/System/Library/Frameworks/AdSupport.framework; sourceTree = DEVELOPER_DIR; };
		FF8EFD2A19F335AD002E7A7C /* AVFoundation.framework */ = {isa = PBXFileReference; lastKnownFileType = wrapper.framework; name = AVFoundation.framework; path = Platforms/iPhoneOS.platform/Developer/SDKs/iPhoneOS8.0.sdk/System/Library/Frameworks/AVFoundation.framework; sourceTree = DEVELOPER_DIR; };
		FF8EFD2C19F335B9002E7A7C /* StoreKit.framework */ = {isa = PBXFileReference; lastKnownFileType = wrapper.framework; name = StoreKit.framework; path = Platforms/iPhoneOS.platform/Developer/SDKs/iPhoneOS8.0.sdk/System/Library/Frameworks/StoreKit.framework; sourceTree = DEVELOPER_DIR; };
		FF8EFD2E19F335C9002E7A7C /* CoreTelephony.framework */ = {isa = PBXFileReference; lastKnownFileType = wrapper.framework; name = CoreTelephony.framework; path = Platforms/iPhoneOS.platform/Developer/SDKs/iPhoneOS8.0.sdk/System/Library/Frameworks/CoreTelephony.framework; sourceTree = DEVELOPER_DIR; };
		FF8EFD3019F335DB002E7A7C /* EventKit.framework */ = {isa = PBXFileReference; lastKnownFileType = wrapper.framework; name = EventKit.framework; path = Platforms/iPhoneOS.platform/Developer/SDKs/iPhoneOS8.0.sdk/System/Library/Frameworks/EventKit.framework; sourceTree = DEVELOPER_DIR; };
		FF8EFD3119F335DB002E7A7C /* EventKitUI.framework */ = {isa = PBXFileReference; lastKnownFileType = wrapper.framework; name = EventKitUI.framework; path = Platforms/iPhoneOS.platform/Developer/SDKs/iPhoneOS8.0.sdk/System/Library/Frameworks/EventKitUI.framework; sourceTree = DEVELOPER_DIR; };
		FF90B54719DFCEFD0060E418 /* Constants.h */ = {isa = PBXFileReference; fileEncoding = 4; lastKnownFileType = sourcecode.c.h; path = Constants.h; sourceTree = "<group>"; };
		FF92C8FB19ECD0B1005BC29E /* DummyBrick.cpp */ = {isa = PBXFileReference; fileEncoding = 4; lastKnownFileType = sourcecode.cpp.cpp; path = DummyBrick.cpp; sourceTree = "<group>"; };
		FF92C8FC19ECD0B1005BC29E /* DummyBrick.h */ = {isa = PBXFileReference; fileEncoding = 4; lastKnownFileType = sourcecode.c.h; path = DummyBrick.h; sourceTree = "<group>"; };
		FF92C90E19ECF56A005BC29E /* brick_break.png */ = {isa = PBXFileReference; lastKnownFileType = image.png; path = brick_break.png; sourceTree = "<group>"; };
		FF92C91119ED0C65005BC29E /* warning.png */ = {isa = PBXFileReference; lastKnownFileType = image.png; path = warning.png; sourceTree = "<group>"; };
		FF92C91419ED0DD6005BC29E /* warning_2.png */ = {isa = PBXFileReference; lastKnownFileType = image.png; path = warning_2.png; sourceTree = "<group>"; };
		FFD4C1BC19E2609000AED849 /* Noc_stand.png */ = {isa = PBXFileReference; lastKnownFileType = image.png; path = Noc_stand.png; sourceTree = "<group>"; };
		FFD4C1BE19E265BA00AED849 /* Noc_left.png */ = {isa = PBXFileReference; lastKnownFileType = image.png; path = Noc_left.png; sourceTree = "<group>"; };
		FFD4C1BF19E265BA00AED849 /* Noc_leftst.png */ = {isa = PBXFileReference; lastKnownFileType = image.png; path = Noc_leftst.png; sourceTree = "<group>"; };
		FFD4C1C019E265BA00AED849 /* Noc_right.png */ = {isa = PBXFileReference; lastKnownFileType = image.png; path = Noc_right.png; sourceTree = "<group>"; };
		FFD4C1C119E265BA00AED849 /* Noc_rightst.png */ = {isa = PBXFileReference; lastKnownFileType = image.png; path = Noc_rightst.png; sourceTree = "<group>"; };
		FFEE1A6C19EA62E9000D1021 /* Noc_left_climbing.png */ = {isa = PBXFileReference; lastKnownFileType = image.png; path = Noc_left_climbing.png; sourceTree = "<group>"; };
		FFEE1A6D19EA62E9000D1021 /* Noc_right_climbing.png */ = {isa = PBXFileReference; lastKnownFileType = image.png; path = Noc_right_climbing.png; sourceTree = "<group>"; };
		FFEE1A7219EA691E000D1021 /* brick_long_normal.png */ = {isa = PBXFileReference; lastKnownFileType = image.png; path = brick_long_normal.png; sourceTree = "<group>"; };
		FFEE1A7519EA6B53000D1021 /* brick_shine_1.png */ = {isa = PBXFileReference; lastKnownFileType = image.png; path = brick_shine_1.png; sourceTree = "<group>"; };
		FFEE1A7619EA6B53000D1021 /* brick_shine_2.png */ = {isa = PBXFileReference; lastKnownFileType = image.png; path = brick_shine_2.png; sourceTree = "<group>"; };
		FFEE1A7B19EA6F71000D1021 /* brick_start.png */ = {isa = PBXFileReference; lastKnownFileType = image.png; path = brick_start.png; sourceTree = "<group>"; };
		FFEE1A7E19EA7231000D1021 /* up_spike.png */ = {isa = PBXFileReference; lastKnownFileType = image.png; path = up_spike.png; sourceTree = "<group>"; };
		FFEE1A8119EA7498000D1021 /* Coin.mp3 */ = {isa = PBXFileReference; lastKnownFileType = audio.mp3; path = Coin.mp3; sourceTree = "<group>"; };
		FFEE1A8519EA754B000D1021 /* GameOver.mp3 */ = {isa = PBXFileReference; lastKnownFileType = audio.mp3; path = GameOver.mp3; sourceTree = "<group>"; };
		FFEE1A8819EA77BF000D1021 /* Trix_dead.png */ = {isa = PBXFileReference; lastKnownFileType = image.png; path = Trix_dead.png; sourceTree = "<group>"; };
		FFFE5B4819F10466005FA4B0 /* Warning.mp3 */ = {isa = PBXFileReference; lastKnownFileType = audio.mp3; path = Warning.mp3; sourceTree = "<group>"; };
/* End PBXFileReference section */

/* Begin PBXFrameworksBuildPhase section */
		1D60588F0D05DD3D006BFB54 /* Frameworks */ = {
			isa = PBXFrameworksBuildPhase;
			buildActionMask = 2147483647;
			files = (
				FF66B08619F34F8C003EF08D /* iAd.framework in Frameworks */,
				FF8EFD3219F335DB002E7A7C /* EventKit.framework in Frameworks */,
				FF8EFD3319F335DB002E7A7C /* EventKitUI.framework in Frameworks */,
				FF8EFD2F19F335C9002E7A7C /* CoreTelephony.framework in Frameworks */,
				FF8EFD2D19F335B9002E7A7C /* StoreKit.framework in Frameworks */,
				FF8EFD2B19F335AD002E7A7C /* AVFoundation.framework in Frameworks */,
				FF8EFD2919F335A5002E7A7C /* AdSupport.framework in Frameworks */,
				FF8EFD2719F33484002E7A7C /* CoreGraphics.framework in Frameworks */,
				FF8EFD2519F33477002E7A7C /* SystemConfiguration.framework in Frameworks */,
				FF8EFD2319F33469002E7A7C /* MessageUI.framework in Frameworks */,
				FF8EFD2119F33450002E7A7C /* AudioToolbox.framework in Frameworks */,
				1AC6FB30180E99EB004C840B /* libcocos2d iOS.a in Frameworks */,
				D6B0611B1803AB670077942B /* CoreMotion.framework in Frameworks */,
				1D60589F0D05DD5A006BFB54 /* Foundation.framework in Frameworks */,
				1DF5F4E00D08C38300B7A737 /* UIKit.framework in Frameworks */,
				288765A50DF7441C002DB57D /* CoreGraphics.framework in Frameworks */,
				FF8EFD1E19F333C1002E7A7C /* libGoogleAdMobAds.a in Frameworks */,
				BF171245129291EC00B8313A /* OpenGLES.framework in Frameworks */,
				BF1712471292920000B8313A /* libz.dylib in Frameworks */,
				BF1C47F01293687400B63C5D /* QuartzCore.framework in Frameworks */,
				D44C620C132DFF330009C878 /* OpenAL.framework in Frameworks */,
				D44C620E132DFF430009C878 /* AVFoundation.framework in Frameworks */,
				D44C6210132DFF4E0009C878 /* AudioToolbox.framework in Frameworks */,
			);
			runOnlyForDeploymentPostprocessing = 0;
		};
		5087E75C17EB910900C73F5D /* Frameworks */ = {
			isa = PBXFrameworksBuildPhase;
			buildActionMask = 2147483647;
			files = (
				1AC6FB21180E996B004C840B /* libcocos2d Mac.a in Frameworks */,
				503AE11217EB99EE00D1A890 /* libcurl.dylib in Frameworks */,
				5087E76717EB910900C73F5D /* libz.dylib in Frameworks */,
				503AE11B17EB9C5A00D1A890 /* IOKit.framework in Frameworks */,
				5087E78B17EB975400C73F5D /* OpenGL.framework in Frameworks */,
				FF8EFD1F19F333C1002E7A7C /* libGoogleAdMobAds.a in Frameworks */,
				5087E78917EB974C00C73F5D /* AppKit.framework in Frameworks */,
				5087E76317EB910900C73F5D /* Foundation.framework in Frameworks */,
				5087E76817EB910900C73F5D /* QuartzCore.framework in Frameworks */,
				5087E76917EB910900C73F5D /* OpenAL.framework in Frameworks */,
				5087E76A17EB910900C73F5D /* AVFoundation.framework in Frameworks */,
				5087E76B17EB910900C73F5D /* AudioToolbox.framework in Frameworks */,
			);
			runOnlyForDeploymentPostprocessing = 0;
		};
/* End PBXFrameworksBuildPhase section */

/* Begin PBXGroup section */
		080E96DDFE201D6D7F000001 /* ios */ = {
			isa = PBXGroup;
			children = (
				5087E77117EB970100C73F5D /* Icons */,
				503AE0FA17EB989F00D1A890 /* AppController.h */,
				503AE0FB17EB989F00D1A890 /* AppController.mm */,
				503AE0FC17EB989F00D1A890 /* main.m */,
				503AE0FD17EB989F00D1A890 /* Prefix.pch */,
				503AE0FE17EB989F00D1A890 /* RootViewController.h */,
				503AE0FF17EB989F00D1A890 /* RootViewController.mm */,
			);
			name = ios;
			path = Classes;
			sourceTree = "<group>";
		};
		19C28FACFE9D520D11CA2CBB /* Products */ = {
			isa = PBXGroup;
			children = (
				1D6058910D05DD3D006BFB54 /* NocDownfall iOS.app */,
				5087E76F17EB910900C73F5D /* NocDownfall Mac.app */,
			);
			name = Products;
			sourceTree = "<group>";
		};
		1AC6FAE6180E9839004C840B /* Products */ = {
			isa = PBXGroup;
			children = (
				1AC6FAF9180E9839004C840B /* libcocos2d Mac.a */,
				1AC6FB07180E9839004C840B /* libcocos2d iOS.a */,
			);
			name = Products;
			sourceTree = "<group>";
		};
		29B97314FDCFA39411CA2CEA /* CustomTemplate */ = {
			isa = PBXGroup;
			children = (
				FF8EFD0F19F333C0002E7A7C /* GADAdMobExtras.h */,
				FF8EFD1019F333C0002E7A7C /* GADAdNetworkExtras.h */,
				FF8EFD1119F333C1002E7A7C /* GADAdSize.h */,
				FF8EFD1219F333C1002E7A7C /* GADBannerView.h */,
				FF8EFD1319F333C1002E7A7C /* GADBannerViewDelegate.h */,
				FF8EFD1419F333C1002E7A7C /* GADInAppPurchase.h */,
				FF8EFD1519F333C1002E7A7C /* GADInAppPurchaseDelegate.h */,
				FF8EFD1619F333C1002E7A7C /* GADInterstitial.h */,
				FF8EFD1719F333C1002E7A7C /* GADInterstitialDelegate.h */,
				FF8EFD1819F333C1002E7A7C /* GADModules.h */,
				FF8EFD1919F333C1002E7A7C /* GADRequest.h */,
				FF8EFD1A19F333C1002E7A7C /* GADRequestError.h */,
				FF8EFD1B19F333C1002E7A7C /* libGoogleAdMobAds.a */,
				46880B8319C43A87006E1F66 /* Classes */,
				46880B7519C43A67006E1F66 /* Resources */,
				1AC6FAE5180E9839004C840B /* cocos2d_libs.xcodeproj */,
				29B97323FDCFA39411CA2CEA /* Frameworks */,
				080E96DDFE201D6D7F000001 /* ios */,
				503AE10617EB990700D1A890 /* mac */,
				19C28FACFE9D520D11CA2CBB /* Products */,
			);
			name = CustomTemplate;
			sourceTree = "<group>";
		};
		29B97323FDCFA39411CA2CEA /* Frameworks */ = {
			isa = PBXGroup;
			children = (
				FF66B08519F34F8C003EF08D /* iAd.framework */,
				FF8EFD3019F335DB002E7A7C /* EventKit.framework */,
				FF8EFD3119F335DB002E7A7C /* EventKitUI.framework */,
				FF8EFD2E19F335C9002E7A7C /* CoreTelephony.framework */,
				FF8EFD2C19F335B9002E7A7C /* StoreKit.framework */,
				FF8EFD2A19F335AD002E7A7C /* AVFoundation.framework */,
				FF8EFD2819F335A5002E7A7C /* AdSupport.framework */,
				FF8EFD2619F33484002E7A7C /* CoreGraphics.framework */,
				FF8EFD2419F33477002E7A7C /* SystemConfiguration.framework */,
				FF8EFD2219F33469002E7A7C /* MessageUI.framework */,
				FF8EFD2019F33450002E7A7C /* AudioToolbox.framework */,
				D6B0611A1803AB670077942B /* CoreMotion.framework */,
				503AE11A17EB9C5A00D1A890 /* IOKit.framework */,
				503AE11117EB99EE00D1A890 /* libcurl.dylib */,
				5087E78A17EB975400C73F5D /* OpenGL.framework */,
				5087E78817EB974C00C73F5D /* AppKit.framework */,
				1ACB3243164770DE00914215 /* libcurl.a */,
				BF170DB412928DE900B8313A /* libz.dylib */,
				D44C620F132DFF4E0009C878 /* AudioToolbox.framework */,
				D44C620D132DFF430009C878 /* AVFoundation.framework */,
				288765A40DF7441C002DB57D /* CoreGraphics.framework */,
				1D30AB110D05D00D00671497 /* Foundation.framework */,
				D44C620B132DFF330009C878 /* OpenAL.framework */,
				BF170DB012928DE900B8313A /* OpenGLES.framework */,
				BF1C47EA1293683800B63C5D /* QuartzCore.framework */,
				1DF5F4DF0D08C38300B7A737 /* UIKit.framework */,
			);
			name = Frameworks;
			sourceTree = "<group>";
		};
		46880B7519C43A67006E1F66 /* Resources */ = {
			isa = PBXGroup;
			children = (
				FFFE5B4819F10466005FA4B0 /* Warning.mp3 */,
				FF83C35C19EFA4BB0094A0B8 /* Lucky7.otf */,
				FF83C35919EF9AA90094A0B8 /* Finneon.otf */,
				FF83C34D19EF8A250094A0B8 /* VioletHat_mid.png */,
				FF83C34E19EF8A250094A0B8 /* VioletHat_shine.png */,
				FF83C34F19EF8A250094A0B8 /* VioletHat.png */,
				FF83C34419EF889F0094A0B8 /* BlackHat_mid.png */,
				FF83C34519EF889F0094A0B8 /* BlackHat_shine.png */,
				FF83C34619EF889F0094A0B8 /* BlackHat.png */,
				FF83C33B19EF86BA0094A0B8 /* WhiteHat_mid.png */,
				FF83C33C19EF86BA0094A0B8 /* WhiteHat_shine.png */,
				FF83C33D19EF86BA0094A0B8 /* WhiteHat.png */,
				FF83C33819EF83C40094A0B8 /* Empty_ach.png */,
				FF83C32F19EF83000094A0B8 /* BrownHat_mid.png */,
				FF83C33019EF83000094A0B8 /* BrownHat_shine.png */,
				FF83C33119EF83000094A0B8 /* BrownHat.png */,
				FF83C32C19EF7BF10094A0B8 /* Garamondo.otf */,
				FF83C32919EF788C0094A0B8 /* BoldTowne.otf */,
				FF83C31F19EF6EC40094A0B8 /* guide_button_clicked.png */,
				FF83C32019EF6EC40094A0B8 /* guide_button.png */,
				FF83C31919EF6EB50094A0B8 /* play_button_clicked.png */,
				FF83C31A19EF6EB50094A0B8 /* play_button.png */,
				FF92C91419ED0DD6005BC29E /* warning_2.png */,
				FF92C91119ED0C65005BC29E /* warning.png */,
				FF92C90E19ECF56A005BC29E /* brick_break.png */,
				FF441B7419EBC73E009CDA18 /* Starter_welcome_pic.png */,
				FF441B7119EBB2F6009CDA18 /* Explosion.png */,
				FF441B6E19EBADF4009CDA18 /* Trix_Fire.png */,
				FF441B6B19EBA9C9009CDA18 /* FireBall_Coming.mp3 */,
				FF441B6519EBA59F009CDA18 /* FireBall_2.png */,
				FF441B6619EBA59F009CDA18 /* FireBall_3.png */,
				FF441B6219EB9FBC009CDA18 /* FireBall.png */,
				FF441B5B19EB9A48009CDA18 /* up_spike_2.png */,
				FFEE1A8819EA77BF000D1021 /* Trix_dead.png */,
				FFEE1A8519EA754B000D1021 /* GameOver.mp3 */,
				FFEE1A8119EA7498000D1021 /* Coin.mp3 */,
				FFEE1A7E19EA7231000D1021 /* up_spike.png */,
				FFEE1A7B19EA6F71000D1021 /* brick_start.png */,
				FFEE1A7519EA6B53000D1021 /* brick_shine_1.png */,
				FFEE1A7619EA6B53000D1021 /* brick_shine_2.png */,
				FFEE1A7219EA691E000D1021 /* brick_long_normal.png */,
				FFEE1A6C19EA62E9000D1021 /* Noc_left_climbing.png */,
				FFEE1A6D19EA62E9000D1021 /* Noc_right_climbing.png */,
				FF34067E19E7B96C00E34CFA /* Button_menu_clicked.png */,
				FF34067F19E7B96C00E34CFA /* Button_menu.png */,
				FF34068019E7B96C00E34CFA /* Button_retry_clicked.png */,
				FF34068119E7B96C00E34CFA /* Button_retry.png */,
				FF47408119E6588F000617EF /* brick_normal.png */,
				FFD4C1BE19E265BA00AED849 /* Noc_left.png */,
				FFD4C1BF19E265BA00AED849 /* Noc_leftst.png */,
				FFD4C1C019E265BA00AED849 /* Noc_right.png */,
				FFD4C1C119E265BA00AED849 /* Noc_rightst.png */,
				FFD4C1BC19E2609000AED849 /* Noc_stand.png */,
				FF7F641E19E112100095DFEE /* BlankBG.png */,
				FF7F641F19E112100095DFEE /* clickButton.mp3 */,
				FF7F642019E112100095DFEE /* GBGM.mp3 */,
				FF7F642119E112100095DFEE /* MainMenu.png */,
				FF7F642219E112100095DFEE /* MainMenuBGM.mp3 */,
				FF7F642519E112100095DFEE /* welcomePic.png */,
				FF8A373A19E7BD1800F355B0 /* Marker Felt.ttf */,
				46880B7819C43A67006E1F66 /* fonts */,
			);
			name = Resources;
			path = ../Resources;
			sourceTree = "<group>";
		};
		46880B7819C43A67006E1F66 /* fonts */ = {
			isa = PBXGroup;
			children = (
			);
			path = fonts;
			sourceTree = "<group>";
		};
		46880B8319C43A87006E1F66 /* Classes */ = {
			isa = PBXGroup;
			children = (
				46880B8419C43A87006E1F66 /* AppDelegate.cpp */,
				46880B8519C43A87006E1F66 /* AppDelegate.h */,
				FF7F640919E108540095DFEE /* GameScene.h */,
				FF7F640819E108540095DFEE /* GameScene.cpp */,
				FF7F63FF19E100450095DFEE /* MainMenuScene.cpp */,
				FF7F63FE19E100330095DFEE /* MainMenuScene.h */,
				FF7F643919E116B00095DFEE /* Trix.cpp */,
				FF7F643A19E116B00095DFEE /* Trix.h */,
				FF34067A19E7B61E00E34CFA /* GameOverScene.cpp */,
				FF34067B19E7B61E00E34CFA /* GameOverScene.h */,
				FF83C32519EF6EF80094A0B8 /* Guide.cpp */,
				FF83C32619EF6EF80094A0B8 /* Guide.h */,
				FF441B5F19EB9C6A009CDA18 /* FireBall.h */,
				FF441B5E19EB9C6A009CDA18 /* FireBall.cpp */,
				46880B8719C43A87006E1F66 /* WelcomeScene.h */,
				46880B8619C43A87006E1F66 /* WelcomeScene.cpp */,
				FF47408419E658CD000617EF /* Brick.cpp */,
				FF47408519E658CD000617EF /* Brick.h */,
				FF92C8FB19ECD0B1005BC29E /* DummyBrick.cpp */,
				FF92C8FC19ECD0B1005BC29E /* DummyBrick.h */,
				FF90B54719DFCEFD0060E418 /* Constants.h */,
			);
			name = Classes;
			path = ../Classes;
			sourceTree = "<group>";
		};
		503AE0F517EB97AB00D1A890 /* Icons */ = {
			isa = PBXGroup;
			children = (
				503AE0F617EB97AB00D1A890 /* Icon.icns */,
				503AE0F717EB97AB00D1A890 /* Info.plist */,
			);
			name = Icons;
			path = mac;
			sourceTree = SOURCE_ROOT;
		};
		503AE10617EB990700D1A890 /* mac */ = {
			isa = PBXGroup;
			children = (
				503AE0F517EB97AB00D1A890 /* Icons */,
				503AE10317EB98FF00D1A890 /* main.cpp */,
				503AE10417EB98FF00D1A890 /* Prefix.pch */,
			);
			name = mac;
			sourceTree = "<group>";
		};
		5087E77117EB970100C73F5D /* Icons */ = {
			isa = PBXGroup;
			children = (
				5087E77217EB970100C73F5D /* Default-568h@2x.png */,
				5087E77317EB970100C73F5D /* Default.png */,
				5087E77417EB970100C73F5D /* Default@2x.png */,
				50EF62A017ECD613001EB2F8 /* Icon-29.png */,
				50EF62A117ECD613001EB2F8 /* Icon-50.png */,
				50EF629217ECD46A001EB2F8 /* Icon-40.png */,
				50EF629317ECD46A001EB2F8 /* Icon-58.png */,
				50EF629417ECD46A001EB2F8 /* Icon-80.png */,
				50EF629517ECD46A001EB2F8 /* Icon-100.png */,
				5087E77517EB970100C73F5D /* Icon-114.png */,
				5087E77617EB970100C73F5D /* Icon-120.png */,
				5087E77717EB970100C73F5D /* Icon-144.png */,
				5087E77817EB970100C73F5D /* Icon-152.png */,
				5087E77917EB970100C73F5D /* Icon-57.png */,
				5087E77A17EB970100C73F5D /* Icon-72.png */,
				5087E77B17EB970100C73F5D /* Icon-76.png */,
				5087E77C17EB970100C73F5D /* Info.plist */,
			);
			name = Icons;
			path = ios;
			sourceTree = SOURCE_ROOT;
		};
/* End PBXGroup section */

/* Begin PBXNativeTarget section */
		1D6058900D05DD3D006BFB54 /* NocDownfall iOS */ = {
			isa = PBXNativeTarget;
			buildConfigurationList = 1D6058960D05DD3E006BFB54 /* Build configuration list for PBXNativeTarget "NocDownfall iOS" */;
			buildPhases = (
				1D60588D0D05DD3D006BFB54 /* Resources */,
				1D60588E0D05DD3D006BFB54 /* Sources */,
				1D60588F0D05DD3D006BFB54 /* Frameworks */,
			);
			buildRules = (
			);
			dependencies = (
				1AC6FB25180E99E1004C840B /* PBXTargetDependency */,
			);
			name = "NocDownfall iOS";
			productName = iphone;
			productReference = 1D6058910D05DD3D006BFB54 /* NocDownfall iOS.app */;
			productType = "com.apple.product-type.application";
		};
		5087E73D17EB910900C73F5D /* NocDownfall Mac */ = {
			isa = PBXNativeTarget;
			buildConfigurationList = 5087E76C17EB910900C73F5D /* Build configuration list for PBXNativeTarget "NocDownfall Mac" */;
			buildPhases = (
				5087E74817EB910900C73F5D /* Resources */,
				5087E75617EB910900C73F5D /* Sources */,
				5087E75C17EB910900C73F5D /* Frameworks */,
			);
			buildRules = (
			);
			dependencies = (
				1AC6FB16180E9959004C840B /* PBXTargetDependency */,
			);
			name = "NocDownfall Mac";
			productName = iphone;
			productReference = 5087E76F17EB910900C73F5D /* NocDownfall Mac.app */;
			productType = "com.apple.product-type.application";
		};
/* End PBXNativeTarget section */

/* Begin PBXProject section */
		29B97313FDCFA39411CA2CEA /* Project object */ = {
			isa = PBXProject;
			attributes = {
				LastUpgradeCheck = 0500;
				TargetAttributes = {
					1D6058900D05DD3D006BFB54 = {
						DevelopmentTeam = MDDB52YB8L;
					};
				};
			};
			buildConfigurationList = C01FCF4E08A954540054247B /* Build configuration list for PBXProject "NocDownfall" */;
			compatibilityVersion = "Xcode 3.2";
			developmentRegion = English;
			hasScannedForEncodings = 1;
			knownRegions = (
				English,
				Japanese,
				French,
				German,
			);
			mainGroup = 29B97314FDCFA39411CA2CEA /* CustomTemplate */;
			projectDirPath = "";
			projectReferences = (
				{
					ProductGroup = 1AC6FAE6180E9839004C840B /* Products */;
					ProjectRef = 1AC6FAE5180E9839004C840B /* cocos2d_libs.xcodeproj */;
				},
			);
			projectRoot = "";
			targets = (
				1D6058900D05DD3D006BFB54 /* NocDownfall iOS */,
				5087E73D17EB910900C73F5D /* NocDownfall Mac */,
			);
		};
/* End PBXProject section */

/* Begin PBXReferenceProxy section */
		1AC6FAF9180E9839004C840B /* libcocos2d Mac.a */ = {
			isa = PBXReferenceProxy;
			fileType = archive.ar;
			path = "libcocos2d Mac.a";
			remoteRef = 1AC6FAF8180E9839004C840B /* PBXContainerItemProxy */;
			sourceTree = BUILT_PRODUCTS_DIR;
		};
		1AC6FB07180E9839004C840B /* libcocos2d iOS.a */ = {
			isa = PBXReferenceProxy;
			fileType = archive.ar;
			path = "libcocos2d iOS.a";
			remoteRef = 1AC6FB06180E9839004C840B /* PBXContainerItemProxy */;
			sourceTree = BUILT_PRODUCTS_DIR;
		};
/* End PBXReferenceProxy section */

/* Begin PBXResourcesBuildPhase section */
		1D60588D0D05DD3D006BFB54 /* Resources */ = {
			isa = PBXResourcesBuildPhase;
			buildActionMask = 2147483647;
			files = (
				5087E78117EB970100C73F5D /* Icon-120.png in Resources */,
				FF7F642C19E112100095DFEE /* MainMenu.png in Resources */,
				FFEE1A7319EA691E000D1021 /* brick_long_normal.png in Resources */,
				FFFE5B4919F10466005FA4B0 /* Warning.mp3 in Resources */,
				FF34068219E7B96C00E34CFA /* Button_menu_clicked.png in Resources */,
				5087E78617EB970100C73F5D /* Icon-76.png in Resources */,
				5087E77F17EB970100C73F5D /* Default@2x.png in Resources */,
				FF92C90F19ECF56A005BC29E /* brick_break.png in Resources */,
				FF34068819E7B96C00E34CFA /* Button_retry.png in Resources */,
				50EF629917ECD46A001EB2F8 /* Icon-100.png in Resources */,
				FF47408219E6588F000617EF /* brick_normal.png in Resources */,
				FF8A373B19E7BD1800F355B0 /* Marker Felt.ttf in Resources */,
				5087E78317EB970100C73F5D /* Icon-152.png in Resources */,
				5087E77D17EB970100C73F5D /* Default-568h@2x.png in Resources */,
				FF83C35419EF8A250094A0B8 /* VioletHat.png in Resources */,
				FF7F642E19E112100095DFEE /* MainMenuBGM.mp3 in Resources */,
				FF441B6919EBA59F009CDA18 /* FireBall_3.png in Resources */,
				FFEE1A7719EA6B53000D1021 /* brick_shine_1.png in Resources */,
				FF83C34919EF889F0094A0B8 /* BlackHat_shine.png in Resources */,
				5087E78517EB970100C73F5D /* Icon-72.png in Resources */,
				FF441B7219EBB2F6009CDA18 /* Explosion.png in Resources */,
				FF7F642A19E112100095DFEE /* GBGM.mp3 in Resources */,
				FF83C31B19EF6EB50094A0B8 /* play_button_clicked.png in Resources */,
				50EF62A317ECD613001EB2F8 /* Icon-50.png in Resources */,
				FF441B6F19EBADF4009CDA18 /* Trix_Fire.png in Resources */,
				FF441B5C19EB9A48009CDA18 /* up_spike_2.png in Resources */,
				FFEE1A7C19EA6F71000D1021 /* brick_start.png in Resources */,
				FF83C34219EF86BA0094A0B8 /* WhiteHat.png in Resources */,
				FF83C31D19EF6EB50094A0B8 /* play_button.png in Resources */,
				5087E78017EB970100C73F5D /* Icon-114.png in Resources */,
				FF83C35219EF8A250094A0B8 /* VioletHat_shine.png in Resources */,
				FF83C33919EF83C40094A0B8 /* Empty_ach.png in Resources */,
				FF7F642819E112100095DFEE /* clickButton.mp3 in Resources */,
				FF83C32319EF6EC40094A0B8 /* guide_button.png in Resources */,
				FF83C34719EF889F0094A0B8 /* BlackHat_mid.png in Resources */,
				FFEE1A6E19EA62E9000D1021 /* Noc_left_climbing.png in Resources */,
				FFEE1A7019EA62E9000D1021 /* Noc_right_climbing.png in Resources */,
				FF7F642619E112100095DFEE /* BlankBG.png in Resources */,
				FF83C35A19EF9AA90094A0B8 /* Finneon.otf in Resources */,
				FF7F643419E112100095DFEE /* welcomePic.png in Resources */,
				FFD4C1C419E265BA00AED849 /* Noc_leftst.png in Resources */,
				FF92C91519ED0DD6005BC29E /* warning_2.png in Resources */,
				FF441B7519EBC73E009CDA18 /* Starter_welcome_pic.png in Resources */,
				FFEE1A8219EA7498000D1021 /* Coin.mp3 in Resources */,
				FF83C33619EF83000094A0B8 /* BrownHat.png in Resources */,
				FFD4C1C219E265BA00AED849 /* Noc_left.png in Resources */,
				FF83C34019EF86BA0094A0B8 /* WhiteHat_shine.png in Resources */,
				FF83C35019EF8A250094A0B8 /* VioletHat_mid.png in Resources */,
				FFD4C1BD19E2609000AED849 /* Noc_stand.png in Resources */,
				FFD4C1C819E265BA00AED849 /* Noc_rightst.png in Resources */,
				50EF62A217ECD613001EB2F8 /* Icon-29.png in Resources */,
				FFEE1A8919EA77BF000D1021 /* Trix_dead.png in Resources */,
				FFEE1A7F19EA7231000D1021 /* up_spike.png in Resources */,
				50EF629617ECD46A001EB2F8 /* Icon-40.png in Resources */,
				FF92C91219ED0C65005BC29E /* warning.png in Resources */,
				FFEE1A8619EA754B000D1021 /* GameOver.mp3 in Resources */,
				FF441B6C19EBA9C9009CDA18 /* FireBall_Coming.mp3 in Resources */,
				FF34068619E7B96C00E34CFA /* Button_retry_clicked.png in Resources */,
				5087E78217EB970100C73F5D /* Icon-144.png in Resources */,
				50EF629817ECD46A001EB2F8 /* Icon-80.png in Resources */,
				FF83C32119EF6EC40094A0B8 /* guide_button_clicked.png in Resources */,
				5087E78417EB970100C73F5D /* Icon-57.png in Resources */,
				5087E77E17EB970100C73F5D /* Default.png in Resources */,
				FF83C33E19EF86BA0094A0B8 /* WhiteHat_mid.png in Resources */,
				FF83C32D19EF7BF10094A0B8 /* Garamondo.otf in Resources */,
				FF34068419E7B96C00E34CFA /* Button_menu.png in Resources */,
				50EF629717ECD46A001EB2F8 /* Icon-58.png in Resources */,
				FF83C32A19EF788C0094A0B8 /* BoldTowne.otf in Resources */,
				FF83C33419EF83000094A0B8 /* BrownHat_shine.png in Resources */,
				FF83C35D19EFA4BB0094A0B8 /* Lucky7.otf in Resources */,
				FF441B6319EB9FBC009CDA18 /* FireBall.png in Resources */,
				FFEE1A7919EA6B53000D1021 /* brick_shine_2.png in Resources */,
				FF83C33219EF83000094A0B8 /* BrownHat_mid.png in Resources */,
				FF83C34B19EF889F0094A0B8 /* BlackHat.png in Resources */,
				FFD4C1C619E265BA00AED849 /* Noc_right.png in Resources */,
				FF441B6719EBA59F009CDA18 /* FireBall_2.png in Resources */,
			);
			runOnlyForDeploymentPostprocessing = 0;
		};
		5087E74817EB910900C73F5D /* Resources */ = {
			isa = PBXResourcesBuildPhase;
			buildActionMask = 2147483647;
			files = (
				FF441B7019EBADF4009CDA18 /* Trix_Fire.png in Resources */,
				FF34068919E7B96C00E34CFA /* Button_retry.png in Resources */,
				FFEE1A7A19EA6B53000D1021 /* brick_shine_2.png in Resources */,
				FF83C34C19EF889F0094A0B8 /* BlackHat.png in Resources */,
				FFD4C1C519E265BA00AED849 /* Noc_leftst.png in Resources */,
				FFEE1A8719EA754B000D1021 /* GameOver.mp3 in Resources */,
				FFEE1A7D19EA6F71000D1021 /* brick_start.png in Resources */,
				FF441B6D19EBA9C9009CDA18 /* FireBall_Coming.mp3 in Resources */,
				FF34068719E7B96C00E34CFA /* Button_retry_clicked.png in Resources */,
				FF83C33519EF83000094A0B8 /* BrownHat_shine.png in Resources */,
				FF34068319E7B96C00E34CFA /* Button_menu_clicked.png in Resources */,
				FF83C35B19EF9AA90094A0B8 /* Finneon.otf in Resources */,
				FF92C91319ED0C65005BC29E /* warning.png in Resources */,
				FF83C33319EF83000094A0B8 /* BrownHat_mid.png in Resources */,
				FF83C34A19EF889F0094A0B8 /* BlackHat_shine.png in Resources */,
				FFD4C1C719E265BA00AED849 /* Noc_right.png in Resources */,
				FF83C34119EF86BA0094A0B8 /* WhiteHat_shine.png in Resources */,
				FF7F643519E112100095DFEE /* welcomePic.png in Resources */,
				FF441B7319EBB2F6009CDA18 /* Explosion.png in Resources */,
				FF441B6819EBA59F009CDA18 /* FireBall_2.png in Resources */,
				FF92C91619ED0DD6005BC29E /* warning_2.png in Resources */,
				FF7F642719E112100095DFEE /* BlankBG.png in Resources */,
				FF47408319E6588F000617EF /* brick_normal.png in Resources */,
				FF441B6419EB9FBC009CDA18 /* FireBall.png in Resources */,
				FF83C32B19EF788C0094A0B8 /* BoldTowne.otf in Resources */,
				FFEE1A7119EA62E9000D1021 /* Noc_right_climbing.png in Resources */,
				FF83C32419EF6EC40094A0B8 /* guide_button.png in Resources */,
				FF7F642D19E112100095DFEE /* MainMenu.png in Resources */,
				FF83C34319EF86BA0094A0B8 /* WhiteHat.png in Resources */,
				FF83C35319EF8A250094A0B8 /* VioletHat_shine.png in Resources */,
				FF34068519E7B96C00E34CFA /* Button_menu.png in Resources */,
				FFD4C1C319E265BA00AED849 /* Noc_left.png in Resources */,
				FF83C33A19EF83C40094A0B8 /* Empty_ach.png in Resources */,
				FF83C35E19EFA4BB0094A0B8 /* Lucky7.otf in Resources */,
				FF441B5D19EB9A48009CDA18 /* up_spike_2.png in Resources */,
				FFFE5B4A19F10466005FA4B0 /* Warning.mp3 in Resources */,
				FFEE1A8A19EA77BF000D1021 /* Trix_dead.png in Resources */,
				FFEE1A6F19EA62E9000D1021 /* Noc_left_climbing.png in Resources */,
				FF83C33719EF83000094A0B8 /* BrownHat.png in Resources */,
				FFD4C1C919E265BA00AED849 /* Noc_rightst.png in Resources */,
				FFEE1A7419EA691E000D1021 /* brick_long_normal.png in Resources */,
				FF8A373C19E7BD1800F355B0 /* Marker Felt.ttf in Resources */,
				FFEE1A8319EA7498000D1021 /* Coin.mp3 in Resources */,
				FF83C35519EF8A250094A0B8 /* VioletHat.png in Resources */,
				FFEE1A7819EA6B53000D1021 /* brick_shine_1.png in Resources */,
				FF83C32E19EF7BF10094A0B8 /* Garamondo.otf in Resources */,
				FF83C33F19EF86BA0094A0B8 /* WhiteHat_mid.png in Resources */,
				FF7F642F19E112100095DFEE /* MainMenuBGM.mp3 in Resources */,
				FF83C31C19EF6EB50094A0B8 /* play_button_clicked.png in Resources */,
				FF441B7619EBC73E009CDA18 /* Starter_welcome_pic.png in Resources */,
				FF7F642B19E112100095DFEE /* GBGM.mp3 in Resources */,
				503AE0F817EB97AB00D1A890 /* Icon.icns in Resources */,
				FF83C31E19EF6EB50094A0B8 /* play_button.png in Resources */,
				FF7F642919E112100095DFEE /* clickButton.mp3 in Resources */,
				FF92C91019ECF56A005BC29E /* brick_break.png in Resources */,
				FFEE1A8019EA7231000D1021 /* up_spike.png in Resources */,
				FF83C35119EF8A250094A0B8 /* VioletHat_mid.png in Resources */,
				FF441B6A19EBA59F009CDA18 /* FireBall_3.png in Resources */,
				FF83C34819EF889F0094A0B8 /* BlackHat_mid.png in Resources */,
				FF83C32219EF6EC40094A0B8 /* guide_button_clicked.png in Resources */,
			);
			runOnlyForDeploymentPostprocessing = 0;
		};
/* End PBXResourcesBuildPhase section */

/* Begin PBXSourcesBuildPhase section */
		1D60588E0D05DD3D006BFB54 /* Sources */ = {
			isa = PBXSourcesBuildPhase;
			buildActionMask = 2147483647;
			files = (
				FF47408619E658CD000617EF /* Brick.cpp in Sources */,
				FF7F643B19E116B00095DFEE /* Trix.cpp in Sources */,
				FF34067C19E7B61E00E34CFA /* GameOverScene.cpp in Sources */,
				FF83C32719EF6EF80094A0B8 /* Guide.cpp in Sources */,
				46880B8819C43A87006E1F66 /* AppDelegate.cpp in Sources */,
				46880B8A19C43A87006E1F66 /* WelcomeScene.cpp in Sources */,
				FF441B6019EB9C6A009CDA18 /* FireBall.cpp in Sources */,
				FF92C8FD19ECD0B1005BC29E /* DummyBrick.cpp in Sources */,
				503AE10017EB989F00D1A890 /* AppController.mm in Sources */,
				503AE10217EB989F00D1A890 /* RootViewController.mm in Sources */,
				FF7F640A19E108540095DFEE /* GameScene.cpp in Sources */,
				FF7F640019E100450095DFEE /* MainMenuScene.cpp in Sources */,
				503AE10117EB989F00D1A890 /* main.m in Sources */,
			);
			runOnlyForDeploymentPostprocessing = 0;
		};
		5087E75617EB910900C73F5D /* Sources */ = {
			isa = PBXSourcesBuildPhase;
			buildActionMask = 2147483647;
			files = (
				FF92C8FE19ECD0B1005BC29E /* DummyBrick.cpp in Sources */,
				FF7F643C19E116B00095DFEE /* Trix.cpp in Sources */,
				FF83C32819EF6EF80094A0B8 /* Guide.cpp in Sources */,
				FF7F640B19E108540095DFEE /* GameScene.cpp in Sources */,
				FF441B6119EB9C6A009CDA18 /* FireBall.cpp in Sources */,
				FF47408719E658CD000617EF /* Brick.cpp in Sources */,
				46880B8919C43A87006E1F66 /* AppDelegate.cpp in Sources */,
				503AE10517EB98FF00D1A890 /* main.cpp in Sources */,
				FF7F640119E100450095DFEE /* MainMenuScene.cpp in Sources */,
				FF34067D19E7B61E00E34CFA /* GameOverScene.cpp in Sources */,
				46880B8B19C43A87006E1F66 /* WelcomeScene.cpp in Sources */,
			);
			runOnlyForDeploymentPostprocessing = 0;
		};
/* End PBXSourcesBuildPhase section */

/* Begin PBXTargetDependency section */
		1AC6FB16180E9959004C840B /* PBXTargetDependency */ = {
			isa = PBXTargetDependency;
			name = "cocos2dx Mac";
			targetProxy = 1AC6FB15180E9959004C840B /* PBXContainerItemProxy */;
		};
		1AC6FB25180E99E1004C840B /* PBXTargetDependency */ = {
			isa = PBXTargetDependency;
			name = "cocos2dx iOS";
			targetProxy = 1AC6FB24180E99E1004C840B /* PBXContainerItemProxy */;
		};
/* End PBXTargetDependency section */

/* Begin XCBuildConfiguration section */
		1D6058940D05DD3E006BFB54 /* Debug */ = {
			isa = XCBuildConfiguration;
			buildSettings = {
				ALWAYS_SEARCH_USER_PATHS = YES;
				CODE_SIGN_IDENTITY = "iPhone Developer";
				COMPRESS_PNG_FILES = NO;
				GCC_DYNAMIC_NO_PIC = NO;
				GCC_INLINES_ARE_PRIVATE_EXTERN = NO;
				GCC_PRECOMPILE_PREFIX_HEADER = YES;
				GCC_PREFIX_HEADER = ios/Prefix.pch;
				GCC_PREPROCESSOR_DEFINITIONS = (
					USE_FILE32API,
					CC_TARGET_OS_IPHONE,
					"COCOS2D_DEBUG=1",
					"CC_ENABLE_CHIPMUNK_INTEGRATION=1",
				);
				GCC_SYMBOLS_PRIVATE_EXTERN = NO;
				HEADER_SEARCH_PATHS = (
					"$(inherited)",
					"$(SRCROOT)/../cocos2d/cocos/platform/ios",
					"$(SRCROOT)/../cocos2d/cocos/platform/ios/Simulation",
				);
				INFOPLIST_FILE = ios/Info.plist;
				IPHONEOS_DEPLOYMENT_TARGET = 5.0;
				LIBRARY_SEARCH_PATHS = "/Users/Noctiz/Downloads/GoogleMobileAdsSdkiOS-6.12.0";
				OTHER_LDFLAGS = "";
				SDKROOT = iphoneos;
				TARGETED_DEVICE_FAMILY = "1,2";
				USER_HEADER_SEARCH_PATHS = "";
			};
			name = Debug;
		};
		1D6058950D05DD3E006BFB54 /* Release */ = {
			isa = XCBuildConfiguration;
			buildSettings = {
				ALWAYS_SEARCH_USER_PATHS = YES;
				CODE_SIGN_IDENTITY = "iPhone Developer";
				COMPRESS_PNG_FILES = NO;
				GCC_INLINES_ARE_PRIVATE_EXTERN = NO;
				GCC_PRECOMPILE_PREFIX_HEADER = YES;
				GCC_PREFIX_HEADER = ios/Prefix.pch;
				GCC_PREPROCESSOR_DEFINITIONS = (
					USE_FILE32API,
					CC_TARGET_OS_IPHONE,
					"CC_ENABLE_CHIPMUNK_INTEGRATION=1",
				);
				GCC_SYMBOLS_PRIVATE_EXTERN = NO;
				HEADER_SEARCH_PATHS = (
					"$(inherited)",
					"$(SRCROOT)/../cocos2d/cocos/platform/ios",
					"$(SRCROOT)/../cocos2d/cocos/platform/ios/Simulation",
				);
				INFOPLIST_FILE = ios/Info.plist;
				IPHONEOS_DEPLOYMENT_TARGET = 5.0;
				LIBRARY_SEARCH_PATHS = "/Users/Noctiz/Downloads/GoogleMobileAdsSdkiOS-6.12.0";
				OTHER_LDFLAGS = "";
				SDKROOT = iphoneos;
				TARGETED_DEVICE_FAMILY = "1,2";
				USER_HEADER_SEARCH_PATHS = "";
			};
			name = Release;
		};
		5087E76D17EB910900C73F5D /* Debug */ = {
			isa = XCBuildConfiguration;
			buildSettings = {
				ALWAYS_SEARCH_USER_PATHS = YES;
				ARCHS = "$(ARCHS_STANDARD_64_BIT)";
				CLANG_CXX_LANGUAGE_STANDARD = "c++0x";
				CLANG_CXX_LIBRARY = "libc++";
				GCC_DYNAMIC_NO_PIC = NO;
				GCC_INLINES_ARE_PRIVATE_EXTERN = NO;
				GCC_PRECOMPILE_PREFIX_HEADER = YES;
				GCC_PREFIX_HEADER = mac/Prefix.pch;
				GCC_PREPROCESSOR_DEFINITIONS = (
					USE_FILE32API,
					CC_TARGET_OS_MAC,
					"COCOS2D_DEBUG=1",
					"CC_ENABLE_CHIPMUNK_INTEGRATION=1",
				);
				GCC_SYMBOLS_PRIVATE_EXTERN = NO;
				HEADER_SEARCH_PATHS = (
					"$(inherited)",
					"$(SRCROOT)/../cocos2d/cocos/platform/mac",
					"$(SRCROOT)/../cocos2d/external/glfw3/include/mac",
				);
				INFOPLIST_FILE = mac/Info.plist;
				LIBRARY_SEARCH_PATHS = "/Users/Noctiz/Downloads/GoogleMobileAdsSdkiOS-6.12.0";
				USER_HEADER_SEARCH_PATHS = "";
			};
			name = Debug;
		};
		5087E76E17EB910900C73F5D /* Release */ = {
			isa = XCBuildConfiguration;
			buildSettings = {
				ALWAYS_SEARCH_USER_PATHS = YES;
				ARCHS = "$(ARCHS_STANDARD_64_BIT)";
				CLANG_CXX_LANGUAGE_STANDARD = "c++0x";
				CLANG_CXX_LIBRARY = "libc++";
				GCC_INLINES_ARE_PRIVATE_EXTERN = NO;
				GCC_PRECOMPILE_PREFIX_HEADER = YES;
				GCC_PREFIX_HEADER = mac/Prefix.pch;
				GCC_PREPROCESSOR_DEFINITIONS = (
					USE_FILE32API,
					CC_TARGET_OS_MAC,
					"CC_ENABLE_CHIPMUNK_INTEGRATION=1",
				);
				GCC_SYMBOLS_PRIVATE_EXTERN = NO;
				HEADER_SEARCH_PATHS = (
					"$(inherited)",
					"$(SRCROOT)/../cocos2d/cocos/platform/mac",
					"$(SRCROOT)/../cocos2d/external/glfw3/include/mac",
				);
				INFOPLIST_FILE = mac/Info.plist;
				LIBRARY_SEARCH_PATHS = "/Users/Noctiz/Downloads/GoogleMobileAdsSdkiOS-6.12.0";
				USER_HEADER_SEARCH_PATHS = "";
			};
			name = Release;
		};
		C01FCF4F08A954540054247B /* Debug */ = {
			isa = XCBuildConfiguration;
			buildSettings = {
				CLANG_CXX_LANGUAGE_STANDARD = "c++0x";
				CLANG_CXX_LIBRARY = "libc++";
				COPY_PHASE_STRIP = NO;
				GCC_OPTIMIZATION_LEVEL = 0;
				GCC_WARN_ABOUT_RETURN_TYPE = YES;
				GCC_WARN_UNUSED_VARIABLE = YES;
				HEADER_SEARCH_PATHS = (
					"$(SRCROOT)/../cocos2d",
					"$(SRCROOT)/../cocos2d/cocos",
					"$(SRCROOT)/../cocos2d/cocos/base",
					"$(SRCROOT)/../cocos2d/cocos/physics",
					"$(SRCROOT)/../cocos2d/cocos/math",
					"$(SRCROOT)/../cocos2d/cocos/2d",
					"$(SRCROOT)/../cocos2d/cocos/ui",
					"$(SRCROOT)/../cocos2d/cocos/network",
					"$(SRCROOT)/../cocos2d/cocos/audio/include",
					"$(SRCROOT)/../cocos2d/cocos/editor-support",
					"$(SRCROOT)/../cocos2d/extensions",
					"$(SRCROOT)/../cocos2d/external",
					"$(SRCROOT)/../cocos2d/external/chipmunk/include/chipmunk",
				);
				MACOSX_DEPLOYMENT_TARGET = 10.7;
				ONLY_ACTIVE_ARCH = YES;
				"OTHER_LDFLAGS[arch=*]" = "-Objc";
				PRODUCT_NAME = "$(TARGET_NAME)";
				SDKROOT = macosx;
			};
			name = Debug;
		};
		C01FCF5008A954540054247B /* Release */ = {
			isa = XCBuildConfiguration;
			buildSettings = {
				CLANG_CXX_LANGUAGE_STANDARD = "c++0x";
				CLANG_CXX_LIBRARY = "libc++";
				GCC_WARN_ABOUT_RETURN_TYPE = YES;
				GCC_WARN_UNUSED_VARIABLE = YES;
				HEADER_SEARCH_PATHS = (
					"$(SRCROOT)/../cocos2d",
					"$(SRCROOT)/../cocos2d/cocos",
					"$(SRCROOT)/../cocos2d/cocos/base",
					"$(SRCROOT)/../cocos2d/cocos/physics",
					"$(SRCROOT)/../cocos2d/cocos/math",
					"$(SRCROOT)/../cocos2d/cocos/2d",
					"$(SRCROOT)/../cocos2d/cocos/ui",
					"$(SRCROOT)/../cocos2d/cocos/network",
					"$(SRCROOT)/../cocos2d/cocos/audio/include",
					"$(SRCROOT)/../cocos2d/cocos/editor-support",
					"$(SRCROOT)/../cocos2d/extensions",
					"$(SRCROOT)/../cocos2d/external",
					"$(SRCROOT)/../cocos2d/external/chipmunk/include/chipmunk",
				);
				MACOSX_DEPLOYMENT_TARGET = 10.7;
				OTHER_CFLAGS = "-DNS_BLOCK_ASSERTIONS=1";
				"OTHER_LDFLAGS[arch=*]" = "-Objc";
				PRODUCT_NAME = "$(TARGET_NAME)";
				SDKROOT = macosx;
				VALIDATE_PRODUCT = YES;
			};
			name = Release;
		};
/* End XCBuildConfiguration section */

/* Begin XCConfigurationList section */
		1D6058960D05DD3E006BFB54 /* Build configuration list for PBXNativeTarget "NocDownfall iOS" */ = {
			isa = XCConfigurationList;
			buildConfigurations = (
				1D6058940D05DD3E006BFB54 /* Debug */,
				1D6058950D05DD3E006BFB54 /* Release */,
			);
			defaultConfigurationIsVisible = 0;
			defaultConfigurationName = Debug;
		};
		5087E76C17EB910900C73F5D /* Build configuration list for PBXNativeTarget "NocDownfall Mac" */ = {
			isa = XCConfigurationList;
			buildConfigurations = (
				5087E76D17EB910900C73F5D /* Debug */,
				5087E76E17EB910900C73F5D /* Release */,
			);
			defaultConfigurationIsVisible = 0;
			defaultConfigurationName = Debug;
		};
		C01FCF4E08A954540054247B /* Build configuration list for PBXProject "NocDownfall" */ = {
			isa = XCConfigurationList;
			buildConfigurations = (
				C01FCF4F08A954540054247B /* Debug */,
				C01FCF5008A954540054247B /* Release */,
			);
			defaultConfigurationIsVisible = 0;
			defaultConfigurationName = Debug;
		};
/* End XCConfigurationList section */
	};
	rootObject = 29B97313FDCFA39411CA2CEA /* Project object */;
}
